// !$*UTF8*$!
{
	archiveVersion = 1;
	classes = {
	};
	objectVersion = 55;
	objects = {

/* Begin PBXBuildFile section */
		39247F5429831407009CDD15 /* AppDelegate.swift in Sources */ = {isa = PBXBuildFile; fileRef = 39247F5329831407009CDD15 /* AppDelegate.swift */; };
		39247F5629831407009CDD15 /* SceneDelegate.swift in Sources */ = {isa = PBXBuildFile; fileRef = 39247F5529831407009CDD15 /* SceneDelegate.swift */; };
		39247F5829831407009CDD15 /* ViewController.swift in Sources */ = {isa = PBXBuildFile; fileRef = 39247F5729831407009CDD15 /* ViewController.swift */; };
		39247F5B29831407009CDD15 /* Main.storyboard in Resources */ = {isa = PBXBuildFile; fileRef = 39247F5929831407009CDD15 /* Main.storyboard */; };
		39247F5D29831409009CDD15 /* Assets.xcassets in Resources */ = {isa = PBXBuildFile; fileRef = 39247F5C29831409009CDD15 /* Assets.xcassets */; };
		39247F6029831409009CDD15 /* LaunchScreen.storyboard in Resources */ = {isa = PBXBuildFile; fileRef = 39247F5E29831409009CDD15 /* LaunchScreen.storyboard */; };
		39247F6B29831409009CDD15 /* SamplePracticeTests.swift in Sources */ = {isa = PBXBuildFile; fileRef = 39247F6A29831409009CDD15 /* SamplePracticeTests.swift */; };
		39247F7529831409009CDD15 /* SamplePracticeUITests.swift in Sources */ = {isa = PBXBuildFile; fileRef = 39247F7429831409009CDD15 /* SamplePracticeUITests.swift */; };
		39247F7729831409009CDD15 /* SamplePracticeUITestsLaunchTests.swift in Sources */ = {isa = PBXBuildFile; fileRef = 39247F7629831409009CDD15 /* SamplePracticeUITestsLaunchTests.swift */; };
/* End PBXBuildFile section */

/* Begin PBXContainerItemProxy section */
		39247F6729831409009CDD15 /* PBXContainerItemProxy */ = {
			isa = PBXContainerItemProxy;
			containerPortal = 39247F4829831407009CDD15 /* Project object */;
			proxyType = 1;
			remoteGlobalIDString = 39247F4F29831407009CDD15;
			remoteInfo = SamplePractice;
		};
		39247F7129831409009CDD15 /* PBXContainerItemProxy */ = {
			isa = PBXContainerItemProxy;
			containerPortal = 39247F4829831407009CDD15 /* Project object */;
			proxyType = 1;
			remoteGlobalIDString = 39247F4F29831407009CDD15;
			remoteInfo = SamplePractice;
		};
/* End PBXContainerItemProxy section */

/* Begin PBXFileReference section */
		39247F5029831407009CDD15 /* SamplePractice.app */ = {isa = PBXFileReference; explicitFileType = wrapper.application; includeInIndex = 0; path = SamplePractice.app; sourceTree = BUILT_PRODUCTS_DIR; };
		39247F5329831407009CDD15 /* AppDelegate.swift */ = {isa = PBXFileReference; lastKnownFileType = sourcecode.swift; path = AppDelegate.swift; sourceTree = "<group>"; };
		39247F5529831407009CDD15 /* SceneDelegate.swift */ = {isa = PBXFileReference; lastKnownFileType = sourcecode.swift; path = SceneDelegate.swift; sourceTree = "<group>"; };
		39247F5729831407009CDD15 /* ViewController.swift */ = {isa = PBXFileReference; lastKnownFileType = sourcecode.swift; path = ViewController.swift; sourceTree = "<group>"; };
		39247F5A29831407009CDD15 /* Base */ = {isa = PBXFileReference; lastKnownFileType = file.storyboard; name = Base; path = Base.lproj/Main.storyboard; sourceTree = "<group>"; };
		39247F5C29831409009CDD15 /* Assets.xcassets */ = {isa = PBXFileReference; lastKnownFileType = folder.assetcatalog; path = Assets.xcassets; sourceTree = "<group>"; };
		39247F5F29831409009CDD15 /* Base */ = {isa = PBXFileReference; lastKnownFileType = file.storyboard; name = Base; path = Base.lproj/LaunchScreen.storyboard; sourceTree = "<group>"; };
		39247F6129831409009CDD15 /* Info.plist */ = {isa = PBXFileReference; lastKnownFileType = text.plist.xml; path = Info.plist; sourceTree = "<group>"; };
		39247F6629831409009CDD15 /* SamplePracticeTests.xctest */ = {isa = PBXFileReference; explicitFileType = wrapper.cfbundle; includeInIndex = 0; path = SamplePracticeTests.xctest; sourceTree = BUILT_PRODUCTS_DIR; };
		39247F6A29831409009CDD15 /* SamplePracticeTests.swift */ = {isa = PBXFileReference; lastKnownFileType = sourcecode.swift; path = SamplePracticeTests.swift; sourceTree = "<group>"; };
		39247F7029831409009CDD15 /* SamplePracticeUITests.xctest */ = {isa = PBXFileReference; explicitFileType = wrapper.cfbundle; includeInIndex = 0; path = SamplePracticeUITests.xctest; sourceTree = BUILT_PRODUCTS_DIR; };
		39247F7429831409009CDD15 /* SamplePracticeUITests.swift */ = {isa = PBXFileReference; lastKnownFileType = sourcecode.swift; path = SamplePracticeUITests.swift; sourceTree = "<group>"; };
		39247F7629831409009CDD15 /* SamplePracticeUITestsLaunchTests.swift */ = {isa = PBXFileReference; lastKnownFileType = sourcecode.swift; path = SamplePracticeUITestsLaunchTests.swift; sourceTree = "<group>"; };
/* End PBXFileReference section */

/* Begin PBXFrameworksBuildPhase section */
		39247F4D29831407009CDD15 /* Frameworks */ = {
			isa = PBXFrameworksBuildPhase;
			buildActionMask = 2147483647;
			files = (
			);
			runOnlyForDeploymentPostprocessing = 0;
		};
		39247F6329831409009CDD15 /* Frameworks */ = {
			isa = PBXFrameworksBuildPhase;
			buildActionMask = 2147483647;
			files = (
			);
			runOnlyForDeploymentPostprocessing = 0;
		};
		39247F6D29831409009CDD15 /* Frameworks */ = {
			isa = PBXFrameworksBuildPhase;
			buildActionMask = 2147483647;
			files = (
			);
			runOnlyForDeploymentPostprocessing = 0;
		};
/* End PBXFrameworksBuildPhase section */

/* Begin PBXGroup section */
		39247F4729831407009CDD15 = {
			isa = PBXGroup;
			children = (
				39247F5229831407009CDD15 /* SamplePractice */,
				39247F6929831409009CDD15 /* SamplePracticeTests */,
				39247F7329831409009CDD15 /* SamplePracticeUITests */,
				39247F5129831407009CDD15 /* Products */,
			);
			sourceTree = "<group>";
		};
		39247F5129831407009CDD15 /* Products */ = {
			isa = PBXGroup;
			children = (
				39247F5029831407009CDD15 /* SamplePractice.app */,
				39247F6629831409009CDD15 /* SamplePracticeTests.xctest */,
				39247F7029831409009CDD15 /* SamplePracticeUITests.xctest */,
			);
			name = Products;
			sourceTree = "<group>";
		};
		39247F5229831407009CDD15 /* SamplePractice */ = {
			isa = PBXGroup;
			children = (
				39247F5329831407009CDD15 /* AppDelegate.swift */,
				39247F5529831407009CDD15 /* SceneDelegate.swift */,
				39247F5729831407009CDD15 /* ViewController.swift */,
				39247F5929831407009CDD15 /* Main.storyboard */,
				39247F5C29831409009CDD15 /* Assets.xcassets */,
				39247F5E29831409009CDD15 /* LaunchScreen.storyboard */,
				39247F6129831409009CDD15 /* Info.plist */,
			);
			path = SamplePractice;
			sourceTree = "<group>";
		};
		39247F6929831409009CDD15 /* SamplePracticeTests */ = {
			isa = PBXGroup;
			children = (
				39247F6A29831409009CDD15 /* SamplePracticeTests.swift */,
			);
			path = SamplePracticeTests;
			sourceTree = "<group>";
		};
		39247F7329831409009CDD15 /* SamplePracticeUITests */ = {
			isa = PBXGroup;
			children = (
				39247F7429831409009CDD15 /* SamplePracticeUITests.swift */,
				39247F7629831409009CDD15 /* SamplePracticeUITestsLaunchTests.swift */,
			);
			path = SamplePracticeUITests;
			sourceTree = "<group>";
		};
/* End PBXGroup section */

/* Begin PBXNativeTarget section */
		39247F4F29831407009CDD15 /* SamplePractice */ = {
			isa = PBXNativeTarget;
			buildConfigurationList = 39247F7A29831409009CDD15 /* Build configuration list for PBXNativeTarget "SamplePractice" */;
			buildPhases = (
				39247F4C29831407009CDD15 /* Sources */,
				39247F4D29831407009CDD15 /* Frameworks */,
				39247F4E29831407009CDD15 /* Resources */,
			);
			buildRules = (
			);
			dependencies = (
			);
			name = SamplePractice;
			productName = SamplePractice;
			productReference = 39247F5029831407009CDD15 /* SamplePractice.app */;
			productType = "com.apple.product-type.application";
		};
		39247F6529831409009CDD15 /* SamplePracticeTests */ = {
			isa = PBXNativeTarget;
			buildConfigurationList = 39247F7D29831409009CDD15 /* Build configuration list for PBXNativeTarget "SamplePracticeTests" */;
			buildPhases = (
				39247F6229831409009CDD15 /* Sources */,
				39247F6329831409009CDD15 /* Frameworks */,
				39247F6429831409009CDD15 /* Resources */,
			);
			buildRules = (
			);
			dependencies = (
				39247F6829831409009CDD15 /* PBXTargetDependency */,
			);
			name = SamplePracticeTests;
			productName = SamplePracticeTests;
			productReference = 39247F6629831409009CDD15 /* SamplePracticeTests.xctest */;
			productType = "com.apple.product-type.bundle.unit-test";
		};
		39247F6F29831409009CDD15 /* SamplePracticeUITests */ = {
			isa = PBXNativeTarget;
			buildConfigurationList = 39247F8029831409009CDD15 /* Build configuration list for PBXNativeTarget "SamplePracticeUITests" */;
			buildPhases = (
				39247F6C29831409009CDD15 /* Sources */,
				39247F6D29831409009CDD15 /* Frameworks */,
				39247F6E29831409009CDD15 /* Resources */,
			);
			buildRules = (
			);
			dependencies = (
				39247F7229831409009CDD15 /* PBXTargetDependency */,
			);
			name = SamplePracticeUITests;
			productName = SamplePracticeUITests;
			productReference = 39247F7029831409009CDD15 /* SamplePracticeUITests.xctest */;
			productType = "com.apple.product-type.bundle.ui-testing";
		};
/* End PBXNativeTarget section */

/* Begin PBXProject section */
		39247F4829831407009CDD15 /* Project object */ = {
			isa = PBXProject;
			attributes = {
				BuildIndependentTargetsInParallel = 1;
				LastSwiftUpdateCheck = 1340;
				LastUpgradeCheck = 1340;
				TargetAttributes = {
					39247F4F29831407009CDD15 = {
						CreatedOnToolsVersion = 13.4.1;
					};
					39247F6529831409009CDD15 = {
						CreatedOnToolsVersion = 13.4.1;
						TestTargetID = 39247F4F29831407009CDD15;
					};
					39247F6F29831409009CDD15 = {
						CreatedOnToolsVersion = 13.4.1;
						TestTargetID = 39247F4F29831407009CDD15;
					};
				};
			};
			buildConfigurationList = 39247F4B29831407009CDD15 /* Build configuration list for PBXProject "SamplePractice" */;
			compatibilityVersion = "Xcode 13.0";
			developmentRegion = en;
			hasScannedForEncodings = 0;
			knownRegions = (
				en,
				Base,
			);
			mainGroup = 39247F4729831407009CDD15;
			productRefGroup = 39247F5129831407009CDD15 /* Products */;
			projectDirPath = "";
			projectRoot = "";
			targets = (
				39247F4F29831407009CDD15 /* SamplePractice */,
				39247F6529831409009CDD15 /* SamplePracticeTests */,
				39247F6F29831409009CDD15 /* SamplePracticeUITests */,
			);
		};
/* End PBXProject section */

/* Begin PBXResourcesBuildPhase section */
		39247F4E29831407009CDD15 /* Resources */ = {
			isa = PBXResourcesBuildPhase;
			buildActionMask = 2147483647;
			files = (
				39247F6029831409009CDD15 /* LaunchScreen.storyboard in Resources */,
				39247F5D29831409009CDD15 /* Assets.xcassets in Resources */,
				39247F5B29831407009CDD15 /* Main.storyboard in Resources */,
			);
			runOnlyForDeploymentPostprocessing = 0;
		};
		39247F6429831409009CDD15 /* Resources */ = {
			isa = PBXResourcesBuildPhase;
			buildActionMask = 2147483647;
			files = (
			);
			runOnlyForDeploymentPostprocessing = 0;
		};
		39247F6E29831409009CDD15 /* Resources */ = {
			isa = PBXResourcesBuildPhase;
			buildActionMask = 2147483647;
			files = (
			);
			runOnlyForDeploymentPostprocessing = 0;
		};
/* End PBXResourcesBuildPhase section */

/* Begin PBXSourcesBuildPhase section */
		39247F4C29831407009CDD15 /* Sources */ = {
			isa = PBXSourcesBuildPhase;
			buildActionMask = 2147483647;
			files = (
				39247F5829831407009CDD15 /* ViewController.swift in Sources */,
				39247F5429831407009CDD15 /* AppDelegate.swift in Sources */,
				39247F5629831407009CDD15 /* SceneDelegate.swift in Sources */,
			);
			runOnlyForDeploymentPostprocessing = 0;
		};
		39247F6229831409009CDD15 /* Sources */ = {
			isa = PBXSourcesBuildPhase;
			buildActionMask = 2147483647;
			files = (
				39247F6B29831409009CDD15 /* SamplePracticeTests.swift in Sources */,
			);
			runOnlyForDeploymentPostprocessing = 0;
		};
		39247F6C29831409009CDD15 /* Sources */ = {
			isa = PBXSourcesBuildPhase;
			buildActionMask = 2147483647;
			files = (
				39247F7529831409009CDD15 /* SamplePracticeUITests.swift in Sources */,
				39247F7729831409009CDD15 /* SamplePracticeUITestsLaunchTests.swift in Sources */,
			);
			runOnlyForDeploymentPostprocessing = 0;
		};
/* End PBXSourcesBuildPhase section */

/* Begin PBXTargetDependency section */
		39247F6829831409009CDD15 /* PBXTargetDependency */ = {
			isa = PBXTargetDependency;
			target = 39247F4F29831407009CDD15 /* SamplePractice */;
			targetProxy = 39247F6729831409009CDD15 /* PBXContainerItemProxy */;
		};
		39247F7229831409009CDD15 /* PBXTargetDependency */ = {
			isa = PBXTargetDependency;
			target = 39247F4F29831407009CDD15 /* SamplePractice */;
			targetProxy = 39247F7129831409009CDD15 /* PBXContainerItemProxy */;
		};
/* End PBXTargetDependency section */

/* Begin PBXVariantGroup section */
		39247F5929831407009CDD15 /* Main.storyboard */ = {
			isa = PBXVariantGroup;
			children = (
				39247F5A29831407009CDD15 /* Base */,
			);
			name = Main.storyboard;
			sourceTree = "<group>";
		};
		39247F5E29831409009CDD15 /* LaunchScreen.storyboard */ = {
			isa = PBXVariantGroup;
			children = (
				39247F5F29831409009CDD15 /* Base */,
			);
			name = LaunchScreen.storyboard;
			sourceTree = "<group>";
		};
/* End PBXVariantGroup section */

/* Begin XCBuildConfiguration section */
		39247F7829831409009CDD15 /* Debug */ = {
			isa = XCBuildConfiguration;
			buildSettings = {
				ALWAYS_SEARCH_USER_PATHS = NO;
				CLANG_ANALYZER_NONNULL = YES;
				CLANG_ANALYZER_NUMBER_OBJECT_CONVERSION = YES_AGGRESSIVE;
				CLANG_CXX_LANGUAGE_STANDARD = "gnu++17";
				CLANG_ENABLE_MODULES = YES;
				CLANG_ENABLE_OBJC_ARC = YES;
				CLANG_ENABLE_OBJC_WEAK = YES;
				CLANG_WARN_BLOCK_CAPTURE_AUTORELEASING = YES;
				CLANG_WARN_BOOL_CONVERSION = YES;
				CLANG_WARN_COMMA = YES;
				CLANG_WARN_CONSTANT_CONVERSION = YES;
				CLANG_WARN_DEPRECATED_OBJC_IMPLEMENTATIONS = YES;
				CLANG_WARN_DIRECT_OBJC_ISA_USAGE = YES_ERROR;
				CLANG_WARN_DOCUMENTATION_COMMENTS = YES;
				CLANG_WARN_EMPTY_BODY = YES;
				CLANG_WARN_ENUM_CONVERSION = YES;
				CLANG_WARN_INFINITE_RECURSION = YES;
				CLANG_WARN_INT_CONVERSION = YES;
				CLANG_WARN_NON_LITERAL_NULL_CONVERSION = YES;
				CLANG_WARN_OBJC_IMPLICIT_RETAIN_SELF = YES;
				CLANG_WARN_OBJC_LITERAL_CONVERSION = YES;
				CLANG_WARN_OBJC_ROOT_CLASS = YES_ERROR;
				CLANG_WARN_QUOTED_INCLUDE_IN_FRAMEWORK_HEADER = YES;
				CLANG_WARN_RANGE_LOOP_ANALYSIS = YES;
				CLANG_WARN_STRICT_PROTOTYPES = YES;
				CLANG_WARN_SUSPICIOUS_MOVE = YES;
				CLANG_WARN_UNGUARDED_AVAILABILITY = YES_AGGRESSIVE;
				CLANG_WARN_UNREACHABLE_CODE = YES;
				CLANG_WARN__DUPLICATE_METHOD_MATCH = YES;
				COPY_PHASE_STRIP = NO;
				DEBUG_INFORMATION_FORMAT = dwarf;
				ENABLE_STRICT_OBJC_MSGSEND = YES;
				ENABLE_TESTABILITY = YES;
				GCC_C_LANGUAGE_STANDARD = gnu11;
				GCC_DYNAMIC_NO_PIC = NO;
				GCC_NO_COMMON_BLOCKS = YES;
				GCC_OPTIMIZATION_LEVEL = 0;
				GCC_PREPROCESSOR_DEFINITIONS = (
					"DEBUG=1",
					"$(inherited)",
				);
				GCC_WARN_64_TO_32_BIT_CONVERSION = YES;
				GCC_WARN_ABOUT_RETURN_TYPE = YES_ERROR;
				GCC_WARN_UNDECLARED_SELECTOR = YES;
				GCC_WARN_UNINITIALIZED_AUTOS = YES_AGGRESSIVE;
				GCC_WARN_UNUSED_FUNCTION = YES;
				GCC_WARN_UNUSED_VARIABLE = YES;
				IPHONEOS_DEPLOYMENT_TARGET = 15.5;
				MTL_ENABLE_DEBUG_INFO = INCLUDE_SOURCE;
				MTL_FAST_MATH = YES;
				ONLY_ACTIVE_ARCH = YES;
				SDKROOT = iphoneos;
				SWIFT_ACTIVE_COMPILATION_CONDITIONS = DEBUG;
				SWIFT_OPTIMIZATION_LEVEL = "-Onone";
			};
			name = Debug;
		};
		39247F7929831409009CDD15 /* Release */ = {
			isa = XCBuildConfiguration;
			buildSettings = {
				ALWAYS_SEARCH_USER_PATHS = NO;
				CLANG_ANALYZER_NONNULL = YES;
				CLANG_ANALYZER_NUMBER_OBJECT_CONVERSION = YES_AGGRESSIVE;
				CLANG_CXX_LANGUAGE_STANDARD = "gnu++17";
				CLANG_ENABLE_MODULES = YES;
				CLANG_ENABLE_OBJC_ARC = YES;
				CLANG_ENABLE_OBJC_WEAK = YES;
				CLANG_WARN_BLOCK_CAPTURE_AUTORELEASING = YES;
				CLANG_WARN_BOOL_CONVERSION = YES;
				CLANG_WARN_COMMA = YES;
				CLANG_WARN_CONSTANT_CONVERSION = YES;
				CLANG_WARN_DEPRECATED_OBJC_IMPLEMENTATIONS = YES;
				CLANG_WARN_DIRECT_OBJC_ISA_USAGE = YES_ERROR;
				CLANG_WARN_DOCUMENTATION_COMMENTS = YES;
				CLANG_WARN_EMPTY_BODY = YES;
				CLANG_WARN_ENUM_CONVERSION = YES;
				CLANG_WARN_INFINITE_RECURSION = YES;
				CLANG_WARN_INT_CONVERSION = YES;
				CLANG_WARN_NON_LITERAL_NULL_CONVERSION = YES;
				CLANG_WARN_OBJC_IMPLICIT_RETAIN_SELF = YES;
				CLANG_WARN_OBJC_LITERAL_CONVERSION = YES;
				CLANG_WARN_OBJC_ROOT_CLASS = YES_ERROR;
				CLANG_WARN_QUOTED_INCLUDE_IN_FRAMEWORK_HEADER = YES;
				CLANG_WARN_RANGE_LOOP_ANALYSIS = YES;
				CLANG_WARN_STRICT_PROTOTYPES = YES;
				CLANG_WARN_SUSPICIOUS_MOVE = YES;
				CLANG_WARN_UNGUARDED_AVAILABILITY = YES_AGGRESSIVE;
				CLANG_WARN_UNREACHABLE_CODE = YES;
				CLANG_WARN__DUPLICATE_METHOD_MATCH = YES;
				COPY_PHASE_STRIP = NO;
				DEBUG_INFORMATION_FORMAT = "dwarf-with-dsym";
				ENABLE_NS_ASSERTIONS = NO;
				ENABLE_STRICT_OBJC_MSGSEND = YES;
				GCC_C_LANGUAGE_STANDARD = gnu11;
				GCC_NO_COMMON_BLOCKS = YES;
				GCC_WARN_64_TO_32_BIT_CONVERSION = YES;
				GCC_WARN_ABOUT_RETURN_TYPE = YES_ERROR;
				GCC_WARN_UNDECLARED_SELECTOR = YES;
				GCC_WARN_UNINITIALIZED_AUTOS = YES_AGGRESSIVE;
				GCC_WARN_UNUSED_FUNCTION = YES;
				GCC_WARN_UNUSED_VARIABLE = YES;
				IPHONEOS_DEPLOYMENT_TARGET = 15.5;
				MTL_ENABLE_DEBUG_INFO = NO;
				MTL_FAST_MATH = YES;
				SDKROOT = iphoneos;
				SWIFT_COMPILATION_MODE = wholemodule;
				SWIFT_OPTIMIZATION_LEVEL = "-O";
				VALIDATE_PRODUCT = YES;
			};
			name = Release;
		};
		39247F7B29831409009CDD15 /* Debug */ = {
			isa = XCBuildConfiguration;
			buildSettings = {
				ASSETCATALOG_COMPILER_APPICON_NAME = AppIcon;
				ASSETCATALOG_COMPILER_GLOBAL_ACCENT_COLOR_NAME = AccentColor;
				CODE_SIGN_STYLE = Automatic;
				CURRENT_PROJECT_VERSION = 1;
				GENERATE_INFOPLIST_FILE = YES;
				INFOPLIST_FILE = SamplePractice/Info.plist;
				INFOPLIST_KEY_UIApplicationSupportsIndirectInputEvents = YES;
				INFOPLIST_KEY_UILaunchStoryboardName = LaunchScreen;
				INFOPLIST_KEY_UIMainStoryboardFile = Main;
				INFOPLIST_KEY_UISupportedInterfaceOrientations_iPad = "UIInterfaceOrientationPortrait UIInterfaceOrientationPortraitUpsideDown UIInterfaceOrientationLandscapeLeft UIInterfaceOrientationLandscapeRight";
				INFOPLIST_KEY_UISupportedInterfaceOrientations_iPhone = "UIInterfaceOrientationPortrait UIInterfaceOrientationLandscapeLeft UIInterfaceOrientationLandscapeRight";
				LD_RUNPATH_SEARCH_PATHS = (
					"$(inherited)",
					"@executable_path/Frameworks",
				);
				MARKETING_VERSION = 1.0;
				PRODUCT_BUNDLE_IDENTIFIER = nwmissouri.edu.SamplePractice;
				PRODUCT_NAME = "$(TARGET_NAME)";
				SWIFT_EMIT_LOC_STRINGS = YES;
				SWIFT_VERSION = 5.0;
				TARGETED_DEVICE_FAMILY = "1,2";
			};
			name = Debug;
		};
		39247F7C29831409009CDD15 /* Release */ = {
			isa = XCBuildConfiguration;
			buildSettings = {
				ASSETCATALOG_COMPILER_APPICON_NAME = AppIcon;
				ASSETCATALOG_COMPILER_GLOBAL_ACCENT_COLOR_NAME = AccentColor;
				CODE_SIGN_STYLE = Automatic;
				CURRENT_PROJECT_VERSION = 1;
				GENERATE_INFOPLIST_FILE = YES;
				INFOPLIST_FILE = SamplePractice/Info.plist;
				INFOPLIST_KEY_UIApplicationSupportsIndirectInputEvents = YES;
				INFOPLIST_KEY_UILaunchStoryboardName = LaunchScreen;
				INFOPLIST_KEY_UIMainStoryboardFile = Main;
				INFOPLIST_KEY_UISupportedInterfaceOrientations_iPad = "UIInterfaceOrientationPortrait UIInterfaceOrientationPortraitUpsideDown UIInterfaceOrientationLandscapeLeft UIInterfaceOrientationLandscapeRight";
				INFOPLIST_KEY_UISupportedInterfaceOrientations_iPhone = "UIInterfaceOrientationPortrait UIInterfaceOrientationLandscapeLeft UIInterfaceOrientationLandscapeRight";
				LD_RUNPATH_SEARCH_PATHS = (
					"$(inherited)",
					"@executable_path/Frameworks",
				);
				MARKETING_VERSION = 1.0;
				PRODUCT_BUNDLE_IDENTIFIER = nwmissouri.edu.SamplePractice;
				PRODUCT_NAME = "$(TARGET_NAME)";
				SWIFT_EMIT_LOC_STRINGS = YES;
				SWIFT_VERSION = 5.0;
				TARGETED_DEVICE_FAMILY = "1,2";
			};
			name = Release;
		};
		39247F7E29831409009CDD15 /* Debug */ = {
			isa = XCBuildConfiguration;
			buildSettings = {
				ALWAYS_EMBED_SWIFT_STANDARD_LIBRARIES = YES;
				BUNDLE_LOADER = "$(TEST_HOST)";
				CODE_SIGN_STYLE = Automatic;
				CURRENT_PROJECT_VERSION = 1;
				GENERATE_INFOPLIST_FILE = YES;
				IPHONEOS_DEPLOYMENT_TARGET = 15.5;
				MARKETING_VERSION = 1.0;
				PRODUCT_BUNDLE_IDENTIFIER = nwmissouri.edu.SamplePracticeTests;
				PRODUCT_NAME = "$(TARGET_NAME)";
				SWIFT_EMIT_LOC_STRINGS = NO;
				SWIFT_VERSION = 5.0;
				TARGETED_DEVICE_FAMILY = "1,2";
				TEST_HOST = "$(BUILT_PRODUCTS_DIR)/SamplePractice.app/SamplePractice";
			};
			name = Debug;
		};
		39247F7F29831409009CDD15 /* Release */ = {
			isa = XCBuildConfiguration;
			buildSettings = {
				ALWAYS_EMBED_SWIFT_STANDARD_LIBRARIES = YES;
				BUNDLE_LOADER = "$(TEST_HOST)";
				CODE_SIGN_STYLE = Automatic;
				CURRENT_PROJECT_VERSION = 1;
				GENERATE_INFOPLIST_FILE = YES;
				IPHONEOS_DEPLOYMENT_TARGET = 15.5;
				MARKETING_VERSION = 1.0;
				PRODUCT_BUNDLE_IDENTIFIER = nwmissouri.edu.SamplePracticeTests;
				PRODUCT_NAME = "$(TARGET_NAME)";
				SWIFT_EMIT_LOC_STRINGS = NO;
				SWIFT_VERSION = 5.0;
				TARGETED_DEVICE_FAMILY = "1,2";
				TEST_HOST = "$(BUILT_PRODUCTS_DIR)/SamplePractice.app/SamplePractice";
			};
			name = Release;
		};
		39247F8129831409009CDD15 /* Debug */ = {
			isa = XCBuildConfiguration;
			buildSettings = {
				ALWAYS_EMBED_SWIFT_STANDARD_LIBRARIES = YES;
				CODE_SIGN_STYLE = Automatic;
				CURRENT_PROJECT_VERSION = 1;
				GENERATE_INFOPLIST_FILE = YES;
				MARKETING_VERSION = 1.0;
				PRODUCT_BUNDLE_IDENTIFIER = nwmissouri.edu.SamplePracticeUITests;
				PRODUCT_NAME = "$(TARGET_NAME)";
				SWIFT_EMIT_LOC_STRINGS = NO;
				SWIFT_VERSION = 5.0;
				TARGETED_DEVICE_FAMILY = "1,2";
				TEST_TARGET_NAME = SamplePractice;
			};
			name = Debug;
		};
		39247F8229831409009CDD15 /* Release */ = {
			isa = XCBuildConfiguration;
			buildSettings = {
				ALWAYS_EMBED_SWIFT_STANDARD_LIBRARIES = YES;
				CODE_SIGN_STYLE = Automatic;
				CURRENT_PROJECT_VERSION = 1;
				GENERATE_INFOPLIST_FILE = YES;
				MARKETING_VERSION = 1.0;
				PRODUCT_BUNDLE_IDENTIFIER = nwmissouri.edu.SamplePracticeUITests;
				PRODUCT_NAME = "$(TARGET_NAME)";
				SWIFT_EMIT_LOC_STRINGS = NO;
				SWIFT_VERSION = 5.0;
				TARGETED_DEVICE_FAMILY = "1,2";
				TEST_TARGET_NAME = SamplePractice;
			};
			name = Release;
		};
/* End XCBuildConfiguration section */

/* Begin XCConfigurationList section */
		39247F4B29831407009CDD15 /* Build configuration list for PBXProject "SamplePractice" */ = {
			isa = XCConfigurationList;
			buildConfigurations = (
				39247F7829831409009CDD15 /* Debug */,
				39247F7929831409009CDD15 /* Release */,
			);
			defaultConfigurationIsVisible = 0;
			defaultConfigurationName = Release;
		};
		39247F7A29831409009CDD15 /* Build configuration list for PBXNativeTarget "SamplePractice" */ = {
			isa = XCConfigurationList;
			buildConfigurations = (
				39247F7B29831409009CDD15 /* Debug */,
				39247F7C29831409009CDD15 /* Release */,
			);
			defaultConfigurationIsVisible = 0;
			defaultConfigurationName = Release;
		};
		39247F7D29831409009CDD15 /* Build configuration list for PBXNativeTarget "SamplePracticeTests" */ = {
			isa = XCConfigurationList;
			buildConfigurations = (
				39247F7E29831409009CDD15 /* Debug */,
				39247F7F29831409009CDD15 /* Release */,
			);
			defaultConfigurationIsVisible = 0;
			defaultConfigurationName = Release;
		};
		39247F8029831409009CDD15 /* Build configuration list for PBXNativeTarget "SamplePracticeUITests" */ = {
			isa = XCConfigurationList;
			buildConfigurations = (
				39247F8129831409009CDD15 /* Debug */,
				39247F8229831409009CDD15 /* Release */,
			);
			defaultConfigurationIsVisible = 0;
			defaultConfigurationName = Release;
		};
/* End XCConfigurationList section */
	};
	rootObject = 39247F4829831407009CDD15 /* Project object */;
}
