// !$*UTF8*$!
{
	archiveVersion = 1;
	classes = {
	};
	objectVersion = 55;
	objects = {

/* Begin PBXBuildFile section */
		39D4857D29A55BF10005AACA /* AppDelegate.swift in Sources */ = {isa = PBXBuildFile; fileRef = 39D4857C29A55BF10005AACA /* AppDelegate.swift */; };
		39D4857F29A55BF10005AACA /* SceneDelegate.swift in Sources */ = {isa = PBXBuildFile; fileRef = 39D4857E29A55BF10005AACA /* SceneDelegate.swift */; };
		39D4858129A55BF10005AACA /* ViewController.swift in Sources */ = {isa = PBXBuildFile; fileRef = 39D4858029A55BF10005AACA /* ViewController.swift */; };
		39D4858429A55BF10005AACA /* Main.storyboard in Resources */ = {isa = PBXBuildFile; fileRef = 39D4858229A55BF10005AACA /* Main.storyboard */; };
		39D4858629A55BF30005AACA /* Assets.xcassets in Resources */ = {isa = PBXBuildFile; fileRef = 39D4858529A55BF30005AACA /* Assets.xcassets */; };
		39D4858929A55BF30005AACA /* LaunchScreen.storyboard in Resources */ = {isa = PBXBuildFile; fileRef = 39D4858729A55BF30005AACA /* LaunchScreen.storyboard */; };
		39D4859429A55BF30005AACA /* imageTests.swift in Sources */ = {isa = PBXBuildFile; fileRef = 39D4859329A55BF30005AACA /* imageTests.swift */; };
		39D4859E29A55BF30005AACA /* imageUITests.swift in Sources */ = {isa = PBXBuildFile; fileRef = 39D4859D29A55BF30005AACA /* imageUITests.swift */; };
		39D485A029A55BF30005AACA /* imageUITestsLaunchTests.swift in Sources */ = {isa = PBXBuildFile; fileRef = 39D4859F29A55BF30005AACA /* imageUITestsLaunchTests.swift */; };
/* End PBXBuildFile section */

/* Begin PBXContainerItemProxy section */
		39D4859029A55BF30005AACA /* PBXContainerItemProxy */ = {
			isa = PBXContainerItemProxy;
			containerPortal = 39D4857129A55BF10005AACA /* Project object */;
			proxyType = 1;
			remoteGlobalIDString = 39D4857829A55BF10005AACA;
			remoteInfo = image;
		};
		39D4859A29A55BF30005AACA /* PBXContainerItemProxy */ = {
			isa = PBXContainerItemProxy;
			containerPortal = 39D4857129A55BF10005AACA /* Project object */;
			proxyType = 1;
			remoteGlobalIDString = 39D4857829A55BF10005AACA;
			remoteInfo = image;
		};
/* End PBXContainerItemProxy section */

/* Begin PBXFileReference section */
		39D4857929A55BF10005AACA /* image.app */ = {isa = PBXFileReference; explicitFileType = wrapper.application; includeInIndex = 0; path = image.app; sourceTree = BUILT_PRODUCTS_DIR; };
		39D4857C29A55BF10005AACA /* AppDelegate.swift */ = {isa = PBXFileReference; lastKnownFileType = sourcecode.swift; path = AppDelegate.swift; sourceTree = "<group>"; };
		39D4857E29A55BF10005AACA /* SceneDelegate.swift */ = {isa = PBXFileReference; lastKnownFileType = sourcecode.swift; path = SceneDelegate.swift; sourceTree = "<group>"; };
		39D4858029A55BF10005AACA /* ViewController.swift */ = {isa = PBXFileReference; lastKnownFileType = sourcecode.swift; path = ViewController.swift; sourceTree = "<group>"; };
		39D4858329A55BF10005AACA /* Base */ = {isa = PBXFileReference; lastKnownFileType = file.storyboard; name = Base; path = Base.lproj/Main.storyboard; sourceTree = "<group>"; };
		39D4858529A55BF30005AACA /* Assets.xcassets */ = {isa = PBXFileReference; lastKnownFileType = folder.assetcatalog; path = Assets.xcassets; sourceTree = "<group>"; };
		39D4858829A55BF30005AACA /* Base */ = {isa = PBXFileReference; lastKnownFileType = file.storyboard; name = Base; path = Base.lproj/LaunchScreen.storyboard; sourceTree = "<group>"; };
		39D4858A29A55BF30005AACA /* Info.plist */ = {isa = PBXFileReference; lastKnownFileType = text.plist.xml; path = Info.plist; sourceTree = "<group>"; };
		39D4858F29A55BF30005AACA /* imageTests.xctest */ = {isa = PBXFileReference; explicitFileType = wrapper.cfbundle; includeInIndex = 0; path = imageTests.xctest; sourceTree = BUILT_PRODUCTS_DIR; };
		39D4859329A55BF30005AACA /* imageTests.swift */ = {isa = PBXFileReference; lastKnownFileType = sourcecode.swift; path = imageTests.swift; sourceTree = "<group>"; };
		39D4859929A55BF30005AACA /* imageUITests.xctest */ = {isa = PBXFileReference; explicitFileType = wrapper.cfbundle; includeInIndex = 0; path = imageUITests.xctest; sourceTree = BUILT_PRODUCTS_DIR; };
		39D4859D29A55BF30005AACA /* imageUITests.swift */ = {isa = PBXFileReference; lastKnownFileType = sourcecode.swift; path = imageUITests.swift; sourceTree = "<group>"; };
		39D4859F29A55BF30005AACA /* imageUITestsLaunchTests.swift */ = {isa = PBXFileReference; lastKnownFileType = sourcecode.swift; path = imageUITestsLaunchTests.swift; sourceTree = "<group>"; };
/* End PBXFileReference section */

/* Begin PBXFrameworksBuildPhase section */
		39D4857629A55BF10005AACA /* Frameworks */ = {
			isa = PBXFrameworksBuildPhase;
			buildActionMask = 2147483647;
			files = (
			);
			runOnlyForDeploymentPostprocessing = 0;
		};
		39D4858C29A55BF30005AACA /* Frameworks */ = {
			isa = PBXFrameworksBuildPhase;
			buildActionMask = 2147483647;
			files = (
			);
			runOnlyForDeploymentPostprocessing = 0;
		};
		39D4859629A55BF30005AACA /* Frameworks */ = {
			isa = PBXFrameworksBuildPhase;
			buildActionMask = 2147483647;
			files = (
			);
			runOnlyForDeploymentPostprocessing = 0;
		};
/* End PBXFrameworksBuildPhase section */

/* Begin PBXGroup section */
		39D4857029A55BF10005AACA = {
			isa = PBXGroup;
			children = (
				39D4857B29A55BF10005AACA /* image */,
				39D4859229A55BF30005AACA /* imageTests */,
				39D4859C29A55BF30005AACA /* imageUITests */,
				39D4857A29A55BF10005AACA /* Products */,
			);
			sourceTree = "<group>";
		};
		39D4857A29A55BF10005AACA /* Products */ = {
			isa = PBXGroup;
			children = (
				39D4857929A55BF10005AACA /* image.app */,
				39D4858F29A55BF30005AACA /* imageTests.xctest */,
				39D4859929A55BF30005AACA /* imageUITests.xctest */,
			);
			name = Products;
			sourceTree = "<group>";
		};
		39D4857B29A55BF10005AACA /* image */ = {
			isa = PBXGroup;
			children = (
				39D4857C29A55BF10005AACA /* AppDelegate.swift */,
				39D4857E29A55BF10005AACA /* SceneDelegate.swift */,
				39D4858029A55BF10005AACA /* ViewController.swift */,
				39D4858229A55BF10005AACA /* Main.storyboard */,
				39D4858529A55BF30005AACA /* Assets.xcassets */,
				39D4858729A55BF30005AACA /* LaunchScreen.storyboard */,
				39D4858A29A55BF30005AACA /* Info.plist */,
			);
			path = image;
			sourceTree = "<group>";
		};
		39D4859229A55BF30005AACA /* imageTests */ = {
			isa = PBXGroup;
			children = (
				39D4859329A55BF30005AACA /* imageTests.swift */,
			);
			path = imageTests;
			sourceTree = "<group>";
		};
		39D4859C29A55BF30005AACA /* imageUITests */ = {
			isa = PBXGroup;
			children = (
				39D4859D29A55BF30005AACA /* imageUITests.swift */,
				39D4859F29A55BF30005AACA /* imageUITestsLaunchTests.swift */,
			);
			path = imageUITests;
			sourceTree = "<group>";
		};
/* End PBXGroup section */

/* Begin PBXNativeTarget section */
		39D4857829A55BF10005AACA /* image */ = {
			isa = PBXNativeTarget;
			buildConfigurationList = 39D485A329A55BF30005AACA /* Build configuration list for PBXNativeTarget "image" */;
			buildPhases = (
				39D4857529A55BF10005AACA /* Sources */,
				39D4857629A55BF10005AACA /* Frameworks */,
				39D4857729A55BF10005AACA /* Resources */,
			);
			buildRules = (
			);
			dependencies = (
			);
			name = image;
			productName = image;
			productReference = 39D4857929A55BF10005AACA /* image.app */;
			productType = "com.apple.product-type.application";
		};
		39D4858E29A55BF30005AACA /* imageTests */ = {
			isa = PBXNativeTarget;
			buildConfigurationList = 39D485A629A55BF30005AACA /* Build configuration list for PBXNativeTarget "imageTests" */;
			buildPhases = (
				39D4858B29A55BF30005AACA /* Sources */,
				39D4858C29A55BF30005AACA /* Frameworks */,
				39D4858D29A55BF30005AACA /* Resources */,
			);
			buildRules = (
			);
			dependencies = (
				39D4859129A55BF30005AACA /* PBXTargetDependency */,
			);
			name = imageTests;
			productName = imageTests;
			productReference = 39D4858F29A55BF30005AACA /* imageTests.xctest */;
			productType = "com.apple.product-type.bundle.unit-test";
		};
		39D4859829A55BF30005AACA /* imageUITests */ = {
			isa = PBXNativeTarget;
			buildConfigurationList = 39D485A929A55BF30005AACA /* Build configuration list for PBXNativeTarget "imageUITests" */;
			buildPhases = (
				39D4859529A55BF30005AACA /* Sources */,
				39D4859629A55BF30005AACA /* Frameworks */,
				39D4859729A55BF30005AACA /* Resources */,
			);
			buildRules = (
			);
			dependencies = (
				39D4859B29A55BF30005AACA /* PBXTargetDependency */,
			);
			name = imageUITests;
			productName = imageUITests;
			productReference = 39D4859929A55BF30005AACA /* imageUITests.xctest */;
			productType = "com.apple.product-type.bundle.ui-testing";
		};
/* End PBXNativeTarget section */

/* Begin PBXProject section */
		39D4857129A55BF10005AACA /* Project object */ = {
			isa = PBXProject;
			attributes = {
				BuildIndependentTargetsInParallel = 1;
				LastSwiftUpdateCheck = 1340;
				LastUpgradeCheck = 1340;
				TargetAttributes = {
					39D4857829A55BF10005AACA = {
						CreatedOnToolsVersion = 13.4.1;
					};
					39D4858E29A55BF30005AACA = {
						CreatedOnToolsVersion = 13.4.1;
						TestTargetID = 39D4857829A55BF10005AACA;
					};
					39D4859829A55BF30005AACA = {
						CreatedOnToolsVersion = 13.4.1;
						TestTargetID = 39D4857829A55BF10005AACA;
					};
				};
			};
			buildConfigurationList = 39D4857429A55BF10005AACA /* Build configuration list for PBXProject "image" */;
			compatibilityVersion = "Xcode 13.0";
			developmentRegion = en;
			hasScannedForEncodings = 0;
			knownRegions = (
				en,
				Base,
			);
			mainGroup = 39D4857029A55BF10005AACA;
			productRefGroup = 39D4857A29A55BF10005AACA /* Products */;
			projectDirPath = "";
			projectRoot = "";
			targets = (
				39D4857829A55BF10005AACA /* image */,
				39D4858E29A55BF30005AACA /* imageTests */,
				39D4859829A55BF30005AACA /* imageUITests */,
			);
		};
/* End PBXProject section */

/* Begin PBXResourcesBuildPhase section */
		39D4857729A55BF10005AACA /* Resources */ = {
			isa = PBXResourcesBuildPhase;
			buildActionMask = 2147483647;
			files = (
				39D4858929A55BF30005AACA /* LaunchScreen.storyboard in Resources */,
				39D4858629A55BF30005AACA /* Assets.xcassets in Resources */,
				39D4858429A55BF10005AACA /* Main.storyboard in Resources */,
			);
			runOnlyForDeploymentPostprocessing = 0;
		};
		39D4858D29A55BF30005AACA /* Resources */ = {
			isa = PBXResourcesBuildPhase;
			buildActionMask = 2147483647;
			files = (
			);
			runOnlyForDeploymentPostprocessing = 0;
		};
		39D4859729A55BF30005AACA /* Resources */ = {
			isa = PBXResourcesBuildPhase;
			buildActionMask = 2147483647;
			files = (
			);
			runOnlyForDeploymentPostprocessing = 0;
		};
/* End PBXResourcesBuildPhase section */

/* Begin PBXSourcesBuildPhase section */
		39D4857529A55BF10005AACA /* Sources */ = {
			isa = PBXSourcesBuildPhase;
			buildActionMask = 2147483647;
			files = (
				39D4858129A55BF10005AACA /* ViewController.swift in Sources */,
				39D4857D29A55BF10005AACA /* AppDelegate.swift in Sources */,
				39D4857F29A55BF10005AACA /* SceneDelegate.swift in Sources */,
			);
			runOnlyForDeploymentPostprocessing = 0;
		};
		39D4858B29A55BF30005AACA /* Sources */ = {
			isa = PBXSourcesBuildPhase;
			buildActionMask = 2147483647;
			files = (
				39D4859429A55BF30005AACA /* imageTests.swift in Sources */,
			);
			runOnlyForDeploymentPostprocessing = 0;
		};
		39D4859529A55BF30005AACA /* Sources */ = {
			isa = PBXSourcesBuildPhase;
			buildActionMask = 2147483647;
			files = (
				39D485A029A55BF30005AACA /* imageUITestsLaunchTests.swift in Sources */,
				39D4859E29A55BF30005AACA /* imageUITests.swift in Sources */,
			);
			runOnlyForDeploymentPostprocessing = 0;
		};
/* End PBXSourcesBuildPhase section */

/* Begin PBXTargetDependency section */
		39D4859129A55BF30005AACA /* PBXTargetDependency */ = {
			isa = PBXTargetDependency;
			target = 39D4857829A55BF10005AACA /* image */;
			targetProxy = 39D4859029A55BF30005AACA /* PBXContainerItemProxy */;
		};
		39D4859B29A55BF30005AACA /* PBXTargetDependency */ = {
			isa = PBXTargetDependency;
			target = 39D4857829A55BF10005AACA /* image */;
			targetProxy = 39D4859A29A55BF30005AACA /* PBXContainerItemProxy */;
		};
/* End PBXTargetDependency section */

/* Begin PBXVariantGroup section */
		39D4858229A55BF10005AACA /* Main.storyboard */ = {
			isa = PBXVariantGroup;
			children = (
				39D4858329A55BF10005AACA /* Base */,
			);
			name = Main.storyboard;
			sourceTree = "<group>";
		};
		39D4858729A55BF30005AACA /* LaunchScreen.storyboard */ = {
			isa = PBXVariantGroup;
			children = (
				39D4858829A55BF30005AACA /* Base */,
			);
			name = LaunchScreen.storyboard;
			sourceTree = "<group>";
		};
/* End PBXVariantGroup section */

/* Begin XCBuildConfiguration section */
		39D485A129A55BF30005AACA /* Debug */ = {
			isa = XCBuildConfiguration;
			buildSettings = {
				ALWAYS_SEARCH_USER_PATHS = NO;
				CLANG_ANALYZER_NONNULL = YES;
				CLANG_ANALYZER_NUMBER_OBJECT_CONVERSION = YES_AGGRESSIVE;
				CLANG_CXX_LANGUAGE_STANDARD = "gnu++17";
				CLANG_ENABLE_MODULES = YES;
				CLANG_ENABLE_OBJC_ARC = YES;
				CLANG_ENABLE_OBJC_WEAK = YES;
				CLANG_WARN_BLOCK_CAPTURE_AUTORELEASING = YES;
				CLANG_WARN_BOOL_CONVERSION = YES;
				CLANG_WARN_COMMA = YES;
				CLANG_WARN_CONSTANT_CONVERSION = YES;
				CLANG_WARN_DEPRECATED_OBJC_IMPLEMENTATIONS = YES;
				CLANG_WARN_DIRECT_OBJC_ISA_USAGE = YES_ERROR;
				CLANG_WARN_DOCUMENTATION_COMMENTS = YES;
				CLANG_WARN_EMPTY_BODY = YES;
				CLANG_WARN_ENUM_CONVERSION = YES;
				CLANG_WARN_INFINITE_RECURSION = YES;
				CLANG_WARN_INT_CONVERSION = YES;
				CLANG_WARN_NON_LITERAL_NULL_CONVERSION = YES;
				CLANG_WARN_OBJC_IMPLICIT_RETAIN_SELF = YES;
				CLANG_WARN_OBJC_LITERAL_CONVERSION = YES;
				CLANG_WARN_OBJC_ROOT_CLASS = YES_ERROR;
				CLANG_WARN_QUOTED_INCLUDE_IN_FRAMEWORK_HEADER = YES;
				CLANG_WARN_RANGE_LOOP_ANALYSIS = YES;
				CLANG_WARN_STRICT_PROTOTYPES = YES;
				CLANG_WARN_SUSPICIOUS_MOVE = YES;
				CLANG_WARN_UNGUARDED_AVAILABILITY = YES_AGGRESSIVE;
				CLANG_WARN_UNREACHABLE_CODE = YES;
				CLANG_WARN__DUPLICATE_METHOD_MATCH = YES;
				COPY_PHASE_STRIP = NO;
				DEBUG_INFORMATION_FORMAT = dwarf;
				ENABLE_STRICT_OBJC_MSGSEND = YES;
				ENABLE_TESTABILITY = YES;
				GCC_C_LANGUAGE_STANDARD = gnu11;
				GCC_DYNAMIC_NO_PIC = NO;
				GCC_NO_COMMON_BLOCKS = YES;
				GCC_OPTIMIZATION_LEVEL = 0;
				GCC_PREPROCESSOR_DEFINITIONS = (
					"DEBUG=1",
					"$(inherited)",
				);
				GCC_WARN_64_TO_32_BIT_CONVERSION = YES;
				GCC_WARN_ABOUT_RETURN_TYPE = YES_ERROR;
				GCC_WARN_UNDECLARED_SELECTOR = YES;
				GCC_WARN_UNINITIALIZED_AUTOS = YES_AGGRESSIVE;
				GCC_WARN_UNUSED_FUNCTION = YES;
				GCC_WARN_UNUSED_VARIABLE = YES;
				IPHONEOS_DEPLOYMENT_TARGET = 15.5;
				MTL_ENABLE_DEBUG_INFO = INCLUDE_SOURCE;
				MTL_FAST_MATH = YES;
				ONLY_ACTIVE_ARCH = YES;
				SDKROOT = iphoneos;
				SWIFT_ACTIVE_COMPILATION_CONDITIONS = DEBUG;
				SWIFT_OPTIMIZATION_LEVEL = "-Onone";
			};
			name = Debug;
		};
		39D485A229A55BF30005AACA /* Release */ = {
			isa = XCBuildConfiguration;
			buildSettings = {
				ALWAYS_SEARCH_USER_PATHS = NO;
				CLANG_ANALYZER_NONNULL = YES;
				CLANG_ANALYZER_NUMBER_OBJECT_CONVERSION = YES_AGGRESSIVE;
				CLANG_CXX_LANGUAGE_STANDARD = "gnu++17";
				CLANG_ENABLE_MODULES = YES;
				CLANG_ENABLE_OBJC_ARC = YES;
				CLANG_ENABLE_OBJC_WEAK = YES;
				CLANG_WARN_BLOCK_CAPTURE_AUTORELEASING = YES;
				CLANG_WARN_BOOL_CONVERSION = YES;
				CLANG_WARN_COMMA = YES;
				CLANG_WARN_CONSTANT_CONVERSION = YES;
				CLANG_WARN_DEPRECATED_OBJC_IMPLEMENTATIONS = YES;
				CLANG_WARN_DIRECT_OBJC_ISA_USAGE = YES_ERROR;
				CLANG_WARN_DOCUMENTATION_COMMENTS = YES;
				CLANG_WARN_EMPTY_BODY = YES;
				CLANG_WARN_ENUM_CONVERSION = YES;
				CLANG_WARN_INFINITE_RECURSION = YES;
				CLANG_WARN_INT_CONVERSION = YES;
				CLANG_WARN_NON_LITERAL_NULL_CONVERSION = YES;
				CLANG_WARN_OBJC_IMPLICIT_RETAIN_SELF = YES;
				CLANG_WARN_OBJC_LITERAL_CONVERSION = YES;
				CLANG_WARN_OBJC_ROOT_CLASS = YES_ERROR;
				CLANG_WARN_QUOTED_INCLUDE_IN_FRAMEWORK_HEADER = YES;
				CLANG_WARN_RANGE_LOOP_ANALYSIS = YES;
				CLANG_WARN_STRICT_PROTOTYPES = YES;
				CLANG_WARN_SUSPICIOUS_MOVE = YES;
				CLANG_WARN_UNGUARDED_AVAILABILITY = YES_AGGRESSIVE;
				CLANG_WARN_UNREACHABLE_CODE = YES;
				CLANG_WARN__DUPLICATE_METHOD_MATCH = YES;
				COPY_PHASE_STRIP = NO;
				DEBUG_INFORMATION_FORMAT = "dwarf-with-dsym";
				ENABLE_NS_ASSERTIONS = NO;
				ENABLE_STRICT_OBJC_MSGSEND = YES;
				GCC_C_LANGUAGE_STANDARD = gnu11;
				GCC_NO_COMMON_BLOCKS = YES;
				GCC_WARN_64_TO_32_BIT_CONVERSION = YES;
				GCC_WARN_ABOUT_RETURN_TYPE = YES_ERROR;
				GCC_WARN_UNDECLARED_SELECTOR = YES;
				GCC_WARN_UNINITIALIZED_AUTOS = YES_AGGRESSIVE;
				GCC_WARN_UNUSED_FUNCTION = YES;
				GCC_WARN_UNUSED_VARIABLE = YES;
				IPHONEOS_DEPLOYMENT_TARGET = 15.5;
				MTL_ENABLE_DEBUG_INFO = NO;
				MTL_FAST_MATH = YES;
				SDKROOT = iphoneos;
				SWIFT_COMPILATION_MODE = wholemodule;
				SWIFT_OPTIMIZATION_LEVEL = "-O";
				VALIDATE_PRODUCT = YES;
			};
			name = Release;
		};
		39D485A429A55BF30005AACA /* Debug */ = {
			isa = XCBuildConfiguration;
			buildSettings = {
				ASSETCATALOG_COMPILER_APPICON_NAME = AppIcon;
				ASSETCATALOG_COMPILER_GLOBAL_ACCENT_COLOR_NAME = AccentColor;
				CODE_SIGN_STYLE = Automatic;
				CURRENT_PROJECT_VERSION = 1;
				GENERATE_INFOPLIST_FILE = YES;
				INFOPLIST_FILE = image/Info.plist;
				INFOPLIST_KEY_UIApplicationSupportsIndirectInputEvents = YES;
				INFOPLIST_KEY_UILaunchStoryboardName = LaunchScreen;
				INFOPLIST_KEY_UIMainStoryboardFile = Main;
				INFOPLIST_KEY_UISupportedInterfaceOrientations_iPad = "UIInterfaceOrientationPortrait UIInterfaceOrientationPortraitUpsideDown UIInterfaceOrientationLandscapeLeft UIInterfaceOrientationLandscapeRight";
				INFOPLIST_KEY_UISupportedInterfaceOrientations_iPhone = "UIInterfaceOrientationPortrait UIInterfaceOrientationLandscapeLeft UIInterfaceOrientationLandscapeRight";
				LD_RUNPATH_SEARCH_PATHS = (
					"$(inherited)",
					"@executable_path/Frameworks",
				);
				MARKETING_VERSION = 1.0;
				PRODUCT_BUNDLE_IDENTIFIER = nwmissouri.edu.image;
				PRODUCT_NAME = "$(TARGET_NAME)";
				SWIFT_EMIT_LOC_STRINGS = YES;
				SWIFT_VERSION = 5.0;
				TARGETED_DEVICE_FAMILY = "1,2";
			};
			name = Debug;
		};
		39D485A529A55BF30005AACA /* Release */ = {
			isa = XCBuildConfiguration;
			buildSettings = {
				ASSETCATALOG_COMPILER_APPICON_NAME = AppIcon;
				ASSETCATALOG_COMPILER_GLOBAL_ACCENT_COLOR_NAME = AccentColor;
				CODE_SIGN_STYLE = Automatic;
				CURRENT_PROJECT_VERSION = 1;
				GENERATE_INFOPLIST_FILE = YES;
				INFOPLIST_FILE = image/Info.plist;
				INFOPLIST_KEY_UIApplicationSupportsIndirectInputEvents = YES;
				INFOPLIST_KEY_UILaunchStoryboardName = LaunchScreen;
				INFOPLIST_KEY_UIMainStoryboardFile = Main;
				INFOPLIST_KEY_UISupportedInterfaceOrientations_iPad = "UIInterfaceOrientationPortrait UIInterfaceOrientationPortraitUpsideDown UIInterfaceOrientationLandscapeLeft UIInterfaceOrientationLandscapeRight";
				INFOPLIST_KEY_UISupportedInterfaceOrientations_iPhone = "UIInterfaceOrientationPortrait UIInterfaceOrientationLandscapeLeft UIInterfaceOrientationLandscapeRight";
				LD_RUNPATH_SEARCH_PATHS = (
					"$(inherited)",
					"@executable_path/Frameworks",
				);
				MARKETING_VERSION = 1.0;
				PRODUCT_BUNDLE_IDENTIFIER = nwmissouri.edu.image;
				PRODUCT_NAME = "$(TARGET_NAME)";
				SWIFT_EMIT_LOC_STRINGS = YES;
				SWIFT_VERSION = 5.0;
				TARGETED_DEVICE_FAMILY = "1,2";
			};
			name = Release;
		};
		39D485A729A55BF30005AACA /* Debug */ = {
			isa = XCBuildConfiguration;
			buildSettings = {
				ALWAYS_EMBED_SWIFT_STANDARD_LIBRARIES = YES;
				BUNDLE_LOADER = "$(TEST_HOST)";
				CODE_SIGN_STYLE = Automatic;
				CURRENT_PROJECT_VERSION = 1;
				GENERATE_INFOPLIST_FILE = YES;
				IPHONEOS_DEPLOYMENT_TARGET = 15.5;
				MARKETING_VERSION = 1.0;
				PRODUCT_BUNDLE_IDENTIFIER = nwmissouri.edu.imageTests;
				PRODUCT_NAME = "$(TARGET_NAME)";
				SWIFT_EMIT_LOC_STRINGS = NO;
				SWIFT_VERSION = 5.0;
				TARGETED_DEVICE_FAMILY = "1,2";
				TEST_HOST = "$(BUILT_PRODUCTS_DIR)/image.app/image";
			};
			name = Debug;
		};
		39D485A829A55BF30005AACA /* Release */ = {
			isa = XCBuildConfiguration;
			buildSettings = {
				ALWAYS_EMBED_SWIFT_STANDARD_LIBRARIES = YES;
				BUNDLE_LOADER = "$(TEST_HOST)";
				CODE_SIGN_STYLE = Automatic;
				CURRENT_PROJECT_VERSION = 1;
				GENERATE_INFOPLIST_FILE = YES;
				IPHONEOS_DEPLOYMENT_TARGET = 15.5;
				MARKETING_VERSION = 1.0;
				PRODUCT_BUNDLE_IDENTIFIER = nwmissouri.edu.imageTests;
				PRODUCT_NAME = "$(TARGET_NAME)";
				SWIFT_EMIT_LOC_STRINGS = NO;
				SWIFT_VERSION = 5.0;
				TARGETED_DEVICE_FAMILY = "1,2";
				TEST_HOST = "$(BUILT_PRODUCTS_DIR)/image.app/image";
			};
			name = Release;
		};
		39D485AA29A55BF30005AACA /* Debug */ = {
			isa = XCBuildConfiguration;
			buildSettings = {
				ALWAYS_EMBED_SWIFT_STANDARD_LIBRARIES = YES;
				CODE_SIGN_STYLE = Automatic;
				CURRENT_PROJECT_VERSION = 1;
				GENERATE_INFOPLIST_FILE = YES;
				MARKETING_VERSION = 1.0;
				PRODUCT_BUNDLE_IDENTIFIER = nwmissouri.edu.imageUITests;
				PRODUCT_NAME = "$(TARGET_NAME)";
				SWIFT_EMIT_LOC_STRINGS = NO;
				SWIFT_VERSION = 5.0;
				TARGETED_DEVICE_FAMILY = "1,2";
				TEST_TARGET_NAME = image;
			};
			name = Debug;
		};
		39D485AB29A55BF30005AACA /* Release */ = {
			isa = XCBuildConfiguration;
			buildSettings = {
				ALWAYS_EMBED_SWIFT_STANDARD_LIBRARIES = YES;
				CODE_SIGN_STYLE = Automatic;
				CURRENT_PROJECT_VERSION = 1;
				GENERATE_INFOPLIST_FILE = YES;
				MARKETING_VERSION = 1.0;
				PRODUCT_BUNDLE_IDENTIFIER = nwmissouri.edu.imageUITests;
				PRODUCT_NAME = "$(TARGET_NAME)";
				SWIFT_EMIT_LOC_STRINGS = NO;
				SWIFT_VERSION = 5.0;
				TARGETED_DEVICE_FAMILY = "1,2";
				TEST_TARGET_NAME = image;
			};
			name = Release;
		};
/* End XCBuildConfiguration section */

/* Begin XCConfigurationList section */
		39D4857429A55BF10005AACA /* Build configuration list for PBXProject "image" */ = {
			isa = XCConfigurationList;
			buildConfigurations = (
				39D485A129A55BF30005AACA /* Debug */,
				39D485A229A55BF30005AACA /* Release */,
			);
			defaultConfigurationIsVisible = 0;
			defaultConfigurationName = Release;
		};
		39D485A329A55BF30005AACA /* Build configuration list for PBXNativeTarget "image" */ = {
			isa = XCConfigurationList;
			buildConfigurations = (
				39D485A429A55BF30005AACA /* Debug */,
				39D485A529A55BF30005AACA /* Release */,
			);
			defaultConfigurationIsVisible = 0;
			defaultConfigurationName = Release;
		};
		39D485A629A55BF30005AACA /* Build configuration list for PBXNativeTarget "imageTests" */ = {
			isa = XCConfigurationList;
			buildConfigurations = (
				39D485A729A55BF30005AACA /* Debug */,
				39D485A829A55BF30005AACA /* Release */,
			);
			defaultConfigurationIsVisible = 0;
			defaultConfigurationName = Release;
		};
		39D485A929A55BF30005AACA /* Build configuration list for PBXNativeTarget "imageUITests" */ = {
			isa = XCConfigurationList;
			buildConfigurations = (
				39D485AA29A55BF30005AACA /* Debug */,
				39D485AB29A55BF30005AACA /* Release */,
			);
			defaultConfigurationIsVisible = 0;
			defaultConfigurationName = Release;
		};
/* End XCConfigurationList section */
	};
	rootObject = 39D4857129A55BF10005AACA /* Project object */;
}
