// !$*UTF8*$!
{
	archiveVersion = 1;
	classes = {
	};
	objectVersion = 56;
	objects = {

/* Begin PBXBuildFile section */
		DEB54E1329AE5A0700ADD209 /* AppDelegate.swift in Sources */ = {isa = PBXBuildFile; fileRef = DEB54E1229AE5A0700ADD209 /* AppDelegate.swift */; };
		DEB54E1529AE5A0700ADD209 /* SceneDelegate.swift in Sources */ = {isa = PBXBuildFile; fileRef = DEB54E1429AE5A0700ADD209 /* SceneDelegate.swift */; };
		DEB54E1729AE5A0700ADD209 /* ViewController.swift in Sources */ = {isa = PBXBuildFile; fileRef = DEB54E1629AE5A0700ADD209 /* ViewController.swift */; };
		DEB54E1A29AE5A0700ADD209 /* Main.storyboard in Resources */ = {isa = PBXBuildFile; fileRef = DEB54E1829AE5A0700ADD209 /* Main.storyboard */; };
		DEB54E1C29AE5A0800ADD209 /* Assets.xcassets in Resources */ = {isa = PBXBuildFile; fileRef = DEB54E1B29AE5A0800ADD209 /* Assets.xcassets */; };
		DEB54E1F29AE5A0800ADD209 /* LaunchScreen.storyboard in Resources */ = {isa = PBXBuildFile; fileRef = DEB54E1D29AE5A0800ADD209 /* LaunchScreen.storyboard */; };
		DEB54E2A29AE5A0800ADD209 /* demTests.swift in Sources */ = {isa = PBXBuildFile; fileRef = DEB54E2929AE5A0800ADD209 /* demTests.swift */; };
		DEB54E3429AE5A0800ADD209 /* demUITests.swift in Sources */ = {isa = PBXBuildFile; fileRef = DEB54E3329AE5A0800ADD209 /* demUITests.swift */; };
		DEB54E3629AE5A0800ADD209 /* demUITestsLaunchTests.swift in Sources */ = {isa = PBXBuildFile; fileRef = DEB54E3529AE5A0800ADD209 /* demUITestsLaunchTests.swift */; };
/* End PBXBuildFile section */

/* Begin PBXContainerItemProxy section */
		DEB54E2629AE5A0800ADD209 /* PBXContainerItemProxy */ = {
			isa = PBXContainerItemProxy;
			containerPortal = DEB54E0729AE5A0700ADD209 /* Project object */;
			proxyType = 1;
			remoteGlobalIDString = DEB54E0E29AE5A0700ADD209;
			remoteInfo = dem;
		};
		DEB54E3029AE5A0800ADD209 /* PBXContainerItemProxy */ = {
			isa = PBXContainerItemProxy;
			containerPortal = DEB54E0729AE5A0700ADD209 /* Project object */;
			proxyType = 1;
			remoteGlobalIDString = DEB54E0E29AE5A0700ADD209;
			remoteInfo = dem;
		};
/* End PBXContainerItemProxy section */

/* Begin PBXFileReference section */
		DEB54E0F29AE5A0700ADD209 /* dem.app */ = {isa = PBXFileReference; explicitFileType = wrapper.application; includeInIndex = 0; path = dem.app; sourceTree = BUILT_PRODUCTS_DIR; };
		DEB54E1229AE5A0700ADD209 /* AppDelegate.swift */ = {isa = PBXFileReference; lastKnownFileType = sourcecode.swift; path = AppDelegate.swift; sourceTree = "<group>"; };
		DEB54E1429AE5A0700ADD209 /* SceneDelegate.swift */ = {isa = PBXFileReference; lastKnownFileType = sourcecode.swift; path = SceneDelegate.swift; sourceTree = "<group>"; };
		DEB54E1629AE5A0700ADD209 /* ViewController.swift */ = {isa = PBXFileReference; lastKnownFileType = sourcecode.swift; path = ViewController.swift; sourceTree = "<group>"; };
		DEB54E1929AE5A0700ADD209 /* Base */ = {isa = PBXFileReference; lastKnownFileType = file.storyboard; name = Base; path = Base.lproj/Main.storyboard; sourceTree = "<group>"; };
		DEB54E1B29AE5A0800ADD209 /* Assets.xcassets */ = {isa = PBXFileReference; lastKnownFileType = folder.assetcatalog; path = Assets.xcassets; sourceTree = "<group>"; };
		DEB54E1E29AE5A0800ADD209 /* Base */ = {isa = PBXFileReference; lastKnownFileType = file.storyboard; name = Base; path = Base.lproj/LaunchScreen.storyboard; sourceTree = "<group>"; };
		DEB54E2029AE5A0800ADD209 /* Info.plist */ = {isa = PBXFileReference; lastKnownFileType = text.plist.xml; path = Info.plist; sourceTree = "<group>"; };
		DEB54E2529AE5A0800ADD209 /* demTests.xctest */ = {isa = PBXFileReference; explicitFileType = wrapper.cfbundle; includeInIndex = 0; path = demTests.xctest; sourceTree = BUILT_PRODUCTS_DIR; };
		DEB54E2929AE5A0800ADD209 /* demTests.swift */ = {isa = PBXFileReference; lastKnownFileType = sourcecode.swift; path = demTests.swift; sourceTree = "<group>"; };
		DEB54E2F29AE5A0800ADD209 /* demUITests.xctest */ = {isa = PBXFileReference; explicitFileType = wrapper.cfbundle; includeInIndex = 0; path = demUITests.xctest; sourceTree = BUILT_PRODUCTS_DIR; };
		DEB54E3329AE5A0800ADD209 /* demUITests.swift */ = {isa = PBXFileReference; lastKnownFileType = sourcecode.swift; path = demUITests.swift; sourceTree = "<group>"; };
		DEB54E3529AE5A0800ADD209 /* demUITestsLaunchTests.swift */ = {isa = PBXFileReference; lastKnownFileType = sourcecode.swift; path = demUITestsLaunchTests.swift; sourceTree = "<group>"; };
/* End PBXFileReference section */

/* Begin PBXFrameworksBuildPhase section */
		DEB54E0C29AE5A0700ADD209 /* Frameworks */ = {
			isa = PBXFrameworksBuildPhase;
			buildActionMask = 2147483647;
			files = (
			);
			runOnlyForDeploymentPostprocessing = 0;
		};
		DEB54E2229AE5A0800ADD209 /* Frameworks */ = {
			isa = PBXFrameworksBuildPhase;
			buildActionMask = 2147483647;
			files = (
			);
			runOnlyForDeploymentPostprocessing = 0;
		};
		DEB54E2C29AE5A0800ADD209 /* Frameworks */ = {
			isa = PBXFrameworksBuildPhase;
			buildActionMask = 2147483647;
			files = (
			);
			runOnlyForDeploymentPostprocessing = 0;
		};
/* End PBXFrameworksBuildPhase section */

/* Begin PBXGroup section */
		DEB54E0629AE5A0700ADD209 = {
			isa = PBXGroup;
			children = (
				DEB54E1129AE5A0700ADD209 /* dem */,
				DEB54E2829AE5A0800ADD209 /* demTests */,
				DEB54E3229AE5A0800ADD209 /* demUITests */,
				DEB54E1029AE5A0700ADD209 /* Products */,
			);
			sourceTree = "<group>";
		};
		DEB54E1029AE5A0700ADD209 /* Products */ = {
			isa = PBXGroup;
			children = (
				DEB54E0F29AE5A0700ADD209 /* dem.app */,
				DEB54E2529AE5A0800ADD209 /* demTests.xctest */,
				DEB54E2F29AE5A0800ADD209 /* demUITests.xctest */,
			);
			name = Products;
			sourceTree = "<group>";
		};
		DEB54E1129AE5A0700ADD209 /* dem */ = {
			isa = PBXGroup;
			children = (
				DEB54E1229AE5A0700ADD209 /* AppDelegate.swift */,
				DEB54E1429AE5A0700ADD209 /* SceneDelegate.swift */,
				DEB54E1629AE5A0700ADD209 /* ViewController.swift */,
				DEB54E1829AE5A0700ADD209 /* Main.storyboard */,
				DEB54E1B29AE5A0800ADD209 /* Assets.xcassets */,
				DEB54E1D29AE5A0800ADD209 /* LaunchScreen.storyboard */,
				DEB54E2029AE5A0800ADD209 /* Info.plist */,
			);
			path = dem;
			sourceTree = "<group>";
		};
		DEB54E2829AE5A0800ADD209 /* demTests */ = {
			isa = PBXGroup;
			children = (
				DEB54E2929AE5A0800ADD209 /* demTests.swift */,
			);
			path = demTests;
			sourceTree = "<group>";
		};
		DEB54E3229AE5A0800ADD209 /* demUITests */ = {
			isa = PBXGroup;
			children = (
				DEB54E3329AE5A0800ADD209 /* demUITests.swift */,
				DEB54E3529AE5A0800ADD209 /* demUITestsLaunchTests.swift */,
			);
			path = demUITests;
			sourceTree = "<group>";
		};
/* End PBXGroup section */

/* Begin PBXNativeTarget section */
		DEB54E0E29AE5A0700ADD209 /* dem */ = {
			isa = PBXNativeTarget;
			buildConfigurationList = DEB54E3929AE5A0800ADD209 /* Build configuration list for PBXNativeTarget "dem" */;
			buildPhases = (
				DEB54E0B29AE5A0700ADD209 /* Sources */,
				DEB54E0C29AE5A0700ADD209 /* Frameworks */,
				DEB54E0D29AE5A0700ADD209 /* Resources */,
			);
			buildRules = (
			);
			dependencies = (
			);
			name = dem;
			productName = dem;
			productReference = DEB54E0F29AE5A0700ADD209 /* dem.app */;
			productType = "com.apple.product-type.application";
		};
		DEB54E2429AE5A0800ADD209 /* demTests */ = {
			isa = PBXNativeTarget;
			buildConfigurationList = DEB54E3C29AE5A0800ADD209 /* Build configuration list for PBXNativeTarget "demTests" */;
			buildPhases = (
				DEB54E2129AE5A0800ADD209 /* Sources */,
				DEB54E2229AE5A0800ADD209 /* Frameworks */,
				DEB54E2329AE5A0800ADD209 /* Resources */,
			);
			buildRules = (
			);
			dependencies = (
				DEB54E2729AE5A0800ADD209 /* PBXTargetDependency */,
			);
			name = demTests;
			productName = demTests;
			productReference = DEB54E2529AE5A0800ADD209 /* demTests.xctest */;
			productType = "com.apple.product-type.bundle.unit-test";
		};
		DEB54E2E29AE5A0800ADD209 /* demUITests */ = {
			isa = PBXNativeTarget;
			buildConfigurationList = DEB54E3F29AE5A0800ADD209 /* Build configuration list for PBXNativeTarget "demUITests" */;
			buildPhases = (
				DEB54E2B29AE5A0800ADD209 /* Sources */,
				DEB54E2C29AE5A0800ADD209 /* Frameworks */,
				DEB54E2D29AE5A0800ADD209 /* Resources */,
			);
			buildRules = (
			);
			dependencies = (
				DEB54E3129AE5A0800ADD209 /* PBXTargetDependency */,
			);
			name = demUITests;
			productName = demUITests;
			productReference = DEB54E2F29AE5A0800ADD209 /* demUITests.xctest */;
			productType = "com.apple.product-type.bundle.ui-testing";
		};
/* End PBXNativeTarget section */

/* Begin PBXProject section */
		DEB54E0729AE5A0700ADD209 /* Project object */ = {
			isa = PBXProject;
			attributes = {
				BuildIndependentTargetsInParallel = 1;
				LastSwiftUpdateCheck = 1400;
				LastUpgradeCheck = 1400;
				TargetAttributes = {
					DEB54E0E29AE5A0700ADD209 = {
						CreatedOnToolsVersion = 14.0;
					};
					DEB54E2429AE5A0800ADD209 = {
						CreatedOnToolsVersion = 14.0;
						TestTargetID = DEB54E0E29AE5A0700ADD209;
					};
					DEB54E2E29AE5A0800ADD209 = {
						CreatedOnToolsVersion = 14.0;
						TestTargetID = DEB54E0E29AE5A0700ADD209;
					};
				};
			};
			buildConfigurationList = DEB54E0A29AE5A0700ADD209 /* Build configuration list for PBXProject "dem" */;
			compatibilityVersion = "Xcode 14.0";
			developmentRegion = en;
			hasScannedForEncodings = 0;
			knownRegions = (
				en,
				Base,
			);
			mainGroup = DEB54E0629AE5A0700ADD209;
			productRefGroup = DEB54E1029AE5A0700ADD209 /* Products */;
			projectDirPath = "";
			projectRoot = "";
			targets = (
				DEB54E0E29AE5A0700ADD209 /* dem */,
				DEB54E2429AE5A0800ADD209 /* demTests */,
				DEB54E2E29AE5A0800ADD209 /* demUITests */,
			);
		};
/* End PBXProject section */

/* Begin PBXResourcesBuildPhase section */
		DEB54E0D29AE5A0700ADD209 /* Resources */ = {
			isa = PBXResourcesBuildPhase;
			buildActionMask = 2147483647;
			files = (
				DEB54E1F29AE5A0800ADD209 /* LaunchScreen.storyboard in Resources */,
				DEB54E1C29AE5A0800ADD209 /* Assets.xcassets in Resources */,
				DEB54E1A29AE5A0700ADD209 /* Main.storyboard in Resources */,
			);
			runOnlyForDeploymentPostprocessing = 0;
		};
		DEB54E2329AE5A0800ADD209 /* Resources */ = {
			isa = PBXResourcesBuildPhase;
			buildActionMask = 2147483647;
			files = (
			);
			runOnlyForDeploymentPostprocessing = 0;
		};
		DEB54E2D29AE5A0800ADD209 /* Resources */ = {
			isa = PBXResourcesBuildPhase;
			buildActionMask = 2147483647;
			files = (
			);
			runOnlyForDeploymentPostprocessing = 0;
		};
/* End PBXResourcesBuildPhase section */

/* Begin PBXSourcesBuildPhase section */
		DEB54E0B29AE5A0700ADD209 /* Sources */ = {
			isa = PBXSourcesBuildPhase;
			buildActionMask = 2147483647;
			files = (
				DEB54E1729AE5A0700ADD209 /* ViewController.swift in Sources */,
				DEB54E1329AE5A0700ADD209 /* AppDelegate.swift in Sources */,
				DEB54E1529AE5A0700ADD209 /* SceneDelegate.swift in Sources */,
			);
			runOnlyForDeploymentPostprocessing = 0;
		};
		DEB54E2129AE5A0800ADD209 /* Sources */ = {
			isa = PBXSourcesBuildPhase;
			buildActionMask = 2147483647;
			files = (
				DEB54E2A29AE5A0800ADD209 /* demTests.swift in Sources */,
			);
			runOnlyForDeploymentPostprocessing = 0;
		};
		DEB54E2B29AE5A0800ADD209 /* Sources */ = {
			isa = PBXSourcesBuildPhase;
			buildActionMask = 2147483647;
			files = (
				DEB54E3429AE5A0800ADD209 /* demUITests.swift in Sources */,
				DEB54E3629AE5A0800ADD209 /* demUITestsLaunchTests.swift in Sources */,
			);
			runOnlyForDeploymentPostprocessing = 0;
		};
/* End PBXSourcesBuildPhase section */

/* Begin PBXTargetDependency section */
		DEB54E2729AE5A0800ADD209 /* PBXTargetDependency */ = {
			isa = PBXTargetDependency;
			target = DEB54E0E29AE5A0700ADD209 /* dem */;
			targetProxy = DEB54E2629AE5A0800ADD209 /* PBXContainerItemProxy */;
		};
		DEB54E3129AE5A0800ADD209 /* PBXTargetDependency */ = {
			isa = PBXTargetDependency;
			target = DEB54E0E29AE5A0700ADD209 /* dem */;
			targetProxy = DEB54E3029AE5A0800ADD209 /* PBXContainerItemProxy */;
		};
/* End PBXTargetDependency section */

/* Begin PBXVariantGroup section */
		DEB54E1829AE5A0700ADD209 /* Main.storyboard */ = {
			isa = PBXVariantGroup;
			children = (
				DEB54E1929AE5A0700ADD209 /* Base */,
			);
			name = Main.storyboard;
			sourceTree = "<group>";
		};
		DEB54E1D29AE5A0800ADD209 /* LaunchScreen.storyboard */ = {
			isa = PBXVariantGroup;
			children = (
				DEB54E1E29AE5A0800ADD209 /* Base */,
			);
			name = LaunchScreen.storyboard;
			sourceTree = "<group>";
		};
/* End PBXVariantGroup section */

/* Begin XCBuildConfiguration section */
		DEB54E3729AE5A0800ADD209 /* Debug */ = {
			isa = XCBuildConfiguration;
			buildSettings = {
				ALWAYS_SEARCH_USER_PATHS = NO;
				CLANG_ANALYZER_NONNULL = YES;
				CLANG_ANALYZER_NUMBER_OBJECT_CONVERSION = YES_AGGRESSIVE;
				CLANG_CXX_LANGUAGE_STANDARD = "gnu++20";
				CLANG_ENABLE_MODULES = YES;
				CLANG_ENABLE_OBJC_ARC = YES;
				CLANG_ENABLE_OBJC_WEAK = YES;
				CLANG_WARN_BLOCK_CAPTURE_AUTORELEASING = YES;
				CLANG_WARN_BOOL_CONVERSION = YES;
				CLANG_WARN_COMMA = YES;
				CLANG_WARN_CONSTANT_CONVERSION = YES;
				CLANG_WARN_DEPRECATED_OBJC_IMPLEMENTATIONS = YES;
				CLANG_WARN_DIRECT_OBJC_ISA_USAGE = YES_ERROR;
				CLANG_WARN_DOCUMENTATION_COMMENTS = YES;
				CLANG_WARN_EMPTY_BODY = YES;
				CLANG_WARN_ENUM_CONVERSION = YES;
				CLANG_WARN_INFINITE_RECURSION = YES;
				CLANG_WARN_INT_CONVERSION = YES;
				CLANG_WARN_NON_LITERAL_NULL_CONVERSION = YES;
				CLANG_WARN_OBJC_IMPLICIT_RETAIN_SELF = YES;
				CLANG_WARN_OBJC_LITERAL_CONVERSION = YES;
				CLANG_WARN_OBJC_ROOT_CLASS = YES_ERROR;
				CLANG_WARN_QUOTED_INCLUDE_IN_FRAMEWORK_HEADER = YES;
				CLANG_WARN_RANGE_LOOP_ANALYSIS = YES;
				CLANG_WARN_STRICT_PROTOTYPES = YES;
				CLANG_WARN_SUSPICIOUS_MOVE = YES;
				CLANG_WARN_UNGUARDED_AVAILABILITY = YES_AGGRESSIVE;
				CLANG_WARN_UNREACHABLE_CODE = YES;
				CLANG_WARN__DUPLICATE_METHOD_MATCH = YES;
				COPY_PHASE_STRIP = NO;
				DEBUG_INFORMATION_FORMAT = dwarf;
				ENABLE_STRICT_OBJC_MSGSEND = YES;
				ENABLE_TESTABILITY = YES;
				GCC_C_LANGUAGE_STANDARD = gnu11;
				GCC_DYNAMIC_NO_PIC = NO;
				GCC_NO_COMMON_BLOCKS = YES;
				GCC_OPTIMIZATION_LEVEL = 0;
				GCC_PREPROCESSOR_DEFINITIONS = (
					"DEBUG=1",
					"$(inherited)",
				);
				GCC_WARN_64_TO_32_BIT_CONVERSION = YES;
				GCC_WARN_ABOUT_RETURN_TYPE = YES_ERROR;
				GCC_WARN_UNDECLARED_SELECTOR = YES;
				GCC_WARN_UNINITIALIZED_AUTOS = YES_AGGRESSIVE;
				GCC_WARN_UNUSED_FUNCTION = YES;
				GCC_WARN_UNUSED_VARIABLE = YES;
				IPHONEOS_DEPLOYMENT_TARGET = 16.0;
				MTL_ENABLE_DEBUG_INFO = INCLUDE_SOURCE;
				MTL_FAST_MATH = YES;
				ONLY_ACTIVE_ARCH = YES;
				SDKROOT = iphoneos;
				SWIFT_ACTIVE_COMPILATION_CONDITIONS = DEBUG;
				SWIFT_OPTIMIZATION_LEVEL = "-Onone";
			};
			name = Debug;
		};
		DEB54E3829AE5A0800ADD209 /* Release */ = {
			isa = XCBuildConfiguration;
			buildSettings = {
				ALWAYS_SEARCH_USER_PATHS = NO;
				CLANG_ANALYZER_NONNULL = YES;
				CLANG_ANALYZER_NUMBER_OBJECT_CONVERSION = YES_AGGRESSIVE;
				CLANG_CXX_LANGUAGE_STANDARD = "gnu++20";
				CLANG_ENABLE_MODULES = YES;
				CLANG_ENABLE_OBJC_ARC = YES;
				CLANG_ENABLE_OBJC_WEAK = YES;
				CLANG_WARN_BLOCK_CAPTURE_AUTORELEASING = YES;
				CLANG_WARN_BOOL_CONVERSION = YES;
				CLANG_WARN_COMMA = YES;
				CLANG_WARN_CONSTANT_CONVERSION = YES;
				CLANG_WARN_DEPRECATED_OBJC_IMPLEMENTATIONS = YES;
				CLANG_WARN_DIRECT_OBJC_ISA_USAGE = YES_ERROR;
				CLANG_WARN_DOCUMENTATION_COMMENTS = YES;
				CLANG_WARN_EMPTY_BODY = YES;
				CLANG_WARN_ENUM_CONVERSION = YES;
				CLANG_WARN_INFINITE_RECURSION = YES;
				CLANG_WARN_INT_CONVERSION = YES;
				CLANG_WARN_NON_LITERAL_NULL_CONVERSION = YES;
				CLANG_WARN_OBJC_IMPLICIT_RETAIN_SELF = YES;
				CLANG_WARN_OBJC_LITERAL_CONVERSION = YES;
				CLANG_WARN_OBJC_ROOT_CLASS = YES_ERROR;
				CLANG_WARN_QUOTED_INCLUDE_IN_FRAMEWORK_HEADER = YES;
				CLANG_WARN_RANGE_LOOP_ANALYSIS = YES;
				CLANG_WARN_STRICT_PROTOTYPES = YES;
				CLANG_WARN_SUSPICIOUS_MOVE = YES;
				CLANG_WARN_UNGUARDED_AVAILABILITY = YES_AGGRESSIVE;
				CLANG_WARN_UNREACHABLE_CODE = YES;
				CLANG_WARN__DUPLICATE_METHOD_MATCH = YES;
				COPY_PHASE_STRIP = NO;
				DEBUG_INFORMATION_FORMAT = "dwarf-with-dsym";
				ENABLE_NS_ASSERTIONS = NO;
				ENABLE_STRICT_OBJC_MSGSEND = YES;
				GCC_C_LANGUAGE_STANDARD = gnu11;
				GCC_NO_COMMON_BLOCKS = YES;
				GCC_WARN_64_TO_32_BIT_CONVERSION = YES;
				GCC_WARN_ABOUT_RETURN_TYPE = YES_ERROR;
				GCC_WARN_UNDECLARED_SELECTOR = YES;
				GCC_WARN_UNINITIALIZED_AUTOS = YES_AGGRESSIVE;
				GCC_WARN_UNUSED_FUNCTION = YES;
				GCC_WARN_UNUSED_VARIABLE = YES;
				IPHONEOS_DEPLOYMENT_TARGET = 16.0;
				MTL_ENABLE_DEBUG_INFO = NO;
				MTL_FAST_MATH = YES;
				SDKROOT = iphoneos;
				SWIFT_COMPILATION_MODE = wholemodule;
				SWIFT_OPTIMIZATION_LEVEL = "-O";
				VALIDATE_PRODUCT = YES;
			};
			name = Release;
		};
		DEB54E3A29AE5A0800ADD209 /* Debug */ = {
			isa = XCBuildConfiguration;
			buildSettings = {
				ASSETCATALOG_COMPILER_APPICON_NAME = AppIcon;
				ASSETCATALOG_COMPILER_GLOBAL_ACCENT_COLOR_NAME = AccentColor;
				CODE_SIGN_STYLE = Automatic;
				CURRENT_PROJECT_VERSION = 1;
				GENERATE_INFOPLIST_FILE = YES;
				INFOPLIST_FILE = dem/Info.plist;
				INFOPLIST_KEY_UIApplicationSupportsIndirectInputEvents = YES;
				INFOPLIST_KEY_UILaunchStoryboardName = LaunchScreen;
				INFOPLIST_KEY_UIMainStoryboardFile = Main;
				INFOPLIST_KEY_UISupportedInterfaceOrientations_iPad = "UIInterfaceOrientationPortrait UIInterfaceOrientationPortraitUpsideDown UIInterfaceOrientationLandscapeLeft UIInterfaceOrientationLandscapeRight";
				INFOPLIST_KEY_UISupportedInterfaceOrientations_iPhone = "UIInterfaceOrientationPortrait UIInterfaceOrientationLandscapeLeft UIInterfaceOrientationLandscapeRight";
				LD_RUNPATH_SEARCH_PATHS = (
					"$(inherited)",
					"@executable_path/Frameworks",
				);
				MARKETING_VERSION = 1.0;
				PRODUCT_BUNDLE_IDENTIFIER = nwmsu.edu.dem;
				PRODUCT_NAME = "$(TARGET_NAME)";
				SWIFT_EMIT_LOC_STRINGS = YES;
				SWIFT_VERSION = 5.0;
				TARGETED_DEVICE_FAMILY = "1,2";
			};
			name = Debug;
		};
		DEB54E3B29AE5A0800ADD209 /* Release */ = {
			isa = XCBuildConfiguration;
			buildSettings = {
				ASSETCATALOG_COMPILER_APPICON_NAME = AppIcon;
				ASSETCATALOG_COMPILER_GLOBAL_ACCENT_COLOR_NAME = AccentColor;
				CODE_SIGN_STYLE = Automatic;
				CURRENT_PROJECT_VERSION = 1;
				GENERATE_INFOPLIST_FILE = YES;
				INFOPLIST_FILE = dem/Info.plist;
				INFOPLIST_KEY_UIApplicationSupportsIndirectInputEvents = YES;
				INFOPLIST_KEY_UILaunchStoryboardName = LaunchScreen;
				INFOPLIST_KEY_UIMainStoryboardFile = Main;
				INFOPLIST_KEY_UISupportedInterfaceOrientations_iPad = "UIInterfaceOrientationPortrait UIInterfaceOrientationPortraitUpsideDown UIInterfaceOrientationLandscapeLeft UIInterfaceOrientationLandscapeRight";
				INFOPLIST_KEY_UISupportedInterfaceOrientations_iPhone = "UIInterfaceOrientationPortrait UIInterfaceOrientationLandscapeLeft UIInterfaceOrientationLandscapeRight";
				LD_RUNPATH_SEARCH_PATHS = (
					"$(inherited)",
					"@executable_path/Frameworks",
				);
				MARKETING_VERSION = 1.0;
				PRODUCT_BUNDLE_IDENTIFIER = nwmsu.edu.dem;
				PRODUCT_NAME = "$(TARGET_NAME)";
				SWIFT_EMIT_LOC_STRINGS = YES;
				SWIFT_VERSION = 5.0;
				TARGETED_DEVICE_FAMILY = "1,2";
			};
			name = Release;
		};
		DEB54E3D29AE5A0800ADD209 /* Debug */ = {
			isa = XCBuildConfiguration;
			buildSettings = {
				ALWAYS_EMBED_SWIFT_STANDARD_LIBRARIES = YES;
				BUNDLE_LOADER = "$(TEST_HOST)";
				CODE_SIGN_STYLE = Automatic;
				CURRENT_PROJECT_VERSION = 1;
				GENERATE_INFOPLIST_FILE = YES;
				IPHONEOS_DEPLOYMENT_TARGET = 16.0;
				MARKETING_VERSION = 1.0;
				PRODUCT_BUNDLE_IDENTIFIER = nwmsu.edu.demTests;
				PRODUCT_NAME = "$(TARGET_NAME)";
				SWIFT_EMIT_LOC_STRINGS = NO;
				SWIFT_VERSION = 5.0;
				TARGETED_DEVICE_FAMILY = "1,2";
				TEST_HOST = "$(BUILT_PRODUCTS_DIR)/dem.app/$(BUNDLE_EXECUTABLE_FOLDER_PATH)/dem";
			};
			name = Debug;
		};
		DEB54E3E29AE5A0800ADD209 /* Release */ = {
			isa = XCBuildConfiguration;
			buildSettings = {
				ALWAYS_EMBED_SWIFT_STANDARD_LIBRARIES = YES;
				BUNDLE_LOADER = "$(TEST_HOST)";
				CODE_SIGN_STYLE = Automatic;
				CURRENT_PROJECT_VERSION = 1;
				GENERATE_INFOPLIST_FILE = YES;
				IPHONEOS_DEPLOYMENT_TARGET = 16.0;
				MARKETING_VERSION = 1.0;
				PRODUCT_BUNDLE_IDENTIFIER = nwmsu.edu.demTests;
				PRODUCT_NAME = "$(TARGET_NAME)";
				SWIFT_EMIT_LOC_STRINGS = NO;
				SWIFT_VERSION = 5.0;
				TARGETED_DEVICE_FAMILY = "1,2";
				TEST_HOST = "$(BUILT_PRODUCTS_DIR)/dem.app/$(BUNDLE_EXECUTABLE_FOLDER_PATH)/dem";
			};
			name = Release;
		};
		DEB54E4029AE5A0800ADD209 /* Debug */ = {
			isa = XCBuildConfiguration;
			buildSettings = {
				ALWAYS_EMBED_SWIFT_STANDARD_LIBRARIES = YES;
				CODE_SIGN_STYLE = Automatic;
				CURRENT_PROJECT_VERSION = 1;
				GENERATE_INFOPLIST_FILE = YES;
				MARKETING_VERSION = 1.0;
				PRODUCT_BUNDLE_IDENTIFIER = nwmsu.edu.demUITests;
				PRODUCT_NAME = "$(TARGET_NAME)";
				SWIFT_EMIT_LOC_STRINGS = NO;
				SWIFT_VERSION = 5.0;
				TARGETED_DEVICE_FAMILY = "1,2";
				TEST_TARGET_NAME = dem;
			};
			name = Debug;
		};
		DEB54E4129AE5A0800ADD209 /* Release */ = {
			isa = XCBuildConfiguration;
			buildSettings = {
				ALWAYS_EMBED_SWIFT_STANDARD_LIBRARIES = YES;
				CODE_SIGN_STYLE = Automatic;
				CURRENT_PROJECT_VERSION = 1;
				GENERATE_INFOPLIST_FILE = YES;
				MARKETING_VERSION = 1.0;
				PRODUCT_BUNDLE_IDENTIFIER = nwmsu.edu.demUITests;
				PRODUCT_NAME = "$(TARGET_NAME)";
				SWIFT_EMIT_LOC_STRINGS = NO;
				SWIFT_VERSION = 5.0;
				TARGETED_DEVICE_FAMILY = "1,2";
				TEST_TARGET_NAME = dem;
			};
			name = Release;
		};
/* End XCBuildConfiguration section */

/* Begin XCConfigurationList section */
		DEB54E0A29AE5A0700ADD209 /* Build configuration list for PBXProject "dem" */ = {
			isa = XCConfigurationList;
			buildConfigurations = (
				DEB54E3729AE5A0800ADD209 /* Debug */,
				DEB54E3829AE5A0800ADD209 /* Release */,
			);
			defaultConfigurationIsVisible = 0;
			defaultConfigurationName = Release;
		};
		DEB54E3929AE5A0800ADD209 /* Build configuration list for PBXNativeTarget "dem" */ = {
			isa = XCConfigurationList;
			buildConfigurations = (
				DEB54E3A29AE5A0800ADD209 /* Debug */,
				DEB54E3B29AE5A0800ADD209 /* Release */,
			);
			defaultConfigurationIsVisible = 0;
			defaultConfigurationName = Release;
		};
		DEB54E3C29AE5A0800ADD209 /* Build configuration list for PBXNativeTarget "demTests" */ = {
			isa = XCConfigurationList;
			buildConfigurations = (
				DEB54E3D29AE5A0800ADD209 /* Debug */,
				DEB54E3E29AE5A0800ADD209 /* Release */,
			);
			defaultConfigurationIsVisible = 0;
			defaultConfigurationName = Release;
		};
		DEB54E3F29AE5A0800ADD209 /* Build configuration list for PBXNativeTarget "demUITests" */ = {
			isa = XCConfigurationList;
			buildConfigurations = (
				DEB54E4029AE5A0800ADD209 /* Debug */,
				DEB54E4129AE5A0800ADD209 /* Release */,
			);
			defaultConfigurationIsVisible = 0;
			defaultConfigurationName = Release;
		};
/* End XCConfigurationList section */
	};
	rootObject = DEB54E0729AE5A0700ADD209 /* Project object */;
}
