// !$*UTF8*$!
{
	archiveVersion = 1;
	classes = {
	};
	objectVersion = 56;
	objects = {

/* Begin PBXBuildFile section */
		399AF8AC29AE82C5005AD4E7 /* AppDelegate.swift in Sources */ = {isa = PBXBuildFile; fileRef = 399AF8AB29AE82C5005AD4E7 /* AppDelegate.swift */; };
		399AF8AE29AE82C5005AD4E7 /* SceneDelegate.swift in Sources */ = {isa = PBXBuildFile; fileRef = 399AF8AD29AE82C5005AD4E7 /* SceneDelegate.swift */; };
		399AF8B029AE82C5005AD4E7 /* ViewController.swift in Sources */ = {isa = PBXBuildFile; fileRef = 399AF8AF29AE82C5005AD4E7 /* ViewController.swift */; };
		399AF8B329AE82C5005AD4E7 /* Main.storyboard in Resources */ = {isa = PBXBuildFile; fileRef = 399AF8B129AE82C5005AD4E7 /* Main.storyboard */; };
		399AF8B529AE82C9005AD4E7 /* Assets.xcassets in Resources */ = {isa = PBXBuildFile; fileRef = 399AF8B429AE82C9005AD4E7 /* Assets.xcassets */; };
		399AF8B829AE82C9005AD4E7 /* LaunchScreen.storyboard in Resources */ = {isa = PBXBuildFile; fileRef = 399AF8B629AE82C9005AD4E7 /* LaunchScreen.storyboard */; };
		399AF8C329AE82C9005AD4E7 /* apppTests.swift in Sources */ = {isa = PBXBuildFile; fileRef = 399AF8C229AE82C9005AD4E7 /* apppTests.swift */; };
		399AF8CD29AE82C9005AD4E7 /* apppUITests.swift in Sources */ = {isa = PBXBuildFile; fileRef = 399AF8CC29AE82C9005AD4E7 /* apppUITests.swift */; };
		399AF8CF29AE82C9005AD4E7 /* apppUITestsLaunchTests.swift in Sources */ = {isa = PBXBuildFile; fileRef = 399AF8CE29AE82C9005AD4E7 /* apppUITestsLaunchTests.swift */; };
/* End PBXBuildFile section */

/* Begin PBXContainerItemProxy section */
		399AF8BF29AE82C9005AD4E7 /* PBXContainerItemProxy */ = {
			isa = PBXContainerItemProxy;
			containerPortal = 399AF8A029AE82C5005AD4E7 /* Project object */;
			proxyType = 1;
			remoteGlobalIDString = 399AF8A729AE82C5005AD4E7;
			remoteInfo = appp;
		};
		399AF8C929AE82C9005AD4E7 /* PBXContainerItemProxy */ = {
			isa = PBXContainerItemProxy;
			containerPortal = 399AF8A029AE82C5005AD4E7 /* Project object */;
			proxyType = 1;
			remoteGlobalIDString = 399AF8A729AE82C5005AD4E7;
			remoteInfo = appp;
		};
/* End PBXContainerItemProxy section */

/* Begin PBXFileReference section */
		399AF8A829AE82C5005AD4E7 /* appp.app */ = {isa = PBXFileReference; explicitFileType = wrapper.application; includeInIndex = 0; path = appp.app; sourceTree = BUILT_PRODUCTS_DIR; };
		399AF8AB29AE82C5005AD4E7 /* AppDelegate.swift */ = {isa = PBXFileReference; lastKnownFileType = sourcecode.swift; path = AppDelegate.swift; sourceTree = "<group>"; };
		399AF8AD29AE82C5005AD4E7 /* SceneDelegate.swift */ = {isa = PBXFileReference; lastKnownFileType = sourcecode.swift; path = SceneDelegate.swift; sourceTree = "<group>"; };
		399AF8AF29AE82C5005AD4E7 /* ViewController.swift */ = {isa = PBXFileReference; lastKnownFileType = sourcecode.swift; path = ViewController.swift; sourceTree = "<group>"; };
		399AF8B229AE82C5005AD4E7 /* Base */ = {isa = PBXFileReference; lastKnownFileType = file.storyboard; name = Base; path = Base.lproj/Main.storyboard; sourceTree = "<group>"; };
		399AF8B429AE82C9005AD4E7 /* Assets.xcassets */ = {isa = PBXFileReference; lastKnownFileType = folder.assetcatalog; path = Assets.xcassets; sourceTree = "<group>"; };
		399AF8B729AE82C9005AD4E7 /* Base */ = {isa = PBXFileReference; lastKnownFileType = file.storyboard; name = Base; path = Base.lproj/LaunchScreen.storyboard; sourceTree = "<group>"; };
		399AF8B929AE82C9005AD4E7 /* Info.plist */ = {isa = PBXFileReference; lastKnownFileType = text.plist.xml; path = Info.plist; sourceTree = "<group>"; };
		399AF8BE29AE82C9005AD4E7 /* apppTests.xctest */ = {isa = PBXFileReference; explicitFileType = wrapper.cfbundle; includeInIndex = 0; path = apppTests.xctest; sourceTree = BUILT_PRODUCTS_DIR; };
		399AF8C229AE82C9005AD4E7 /* apppTests.swift */ = {isa = PBXFileReference; lastKnownFileType = sourcecode.swift; path = apppTests.swift; sourceTree = "<group>"; };
		399AF8C829AE82C9005AD4E7 /* apppUITests.xctest */ = {isa = PBXFileReference; explicitFileType = wrapper.cfbundle; includeInIndex = 0; path = apppUITests.xctest; sourceTree = BUILT_PRODUCTS_DIR; };
		399AF8CC29AE82C9005AD4E7 /* apppUITests.swift */ = {isa = PBXFileReference; lastKnownFileType = sourcecode.swift; path = apppUITests.swift; sourceTree = "<group>"; };
		399AF8CE29AE82C9005AD4E7 /* apppUITestsLaunchTests.swift */ = {isa = PBXFileReference; lastKnownFileType = sourcecode.swift; path = apppUITestsLaunchTests.swift; sourceTree = "<group>"; };
/* End PBXFileReference section */

/* Begin PBXFrameworksBuildPhase section */
		399AF8A529AE82C5005AD4E7 /* Frameworks */ = {
			isa = PBXFrameworksBuildPhase;
			buildActionMask = 2147483647;
			files = (
			);
			runOnlyForDeploymentPostprocessing = 0;
		};
		399AF8BB29AE82C9005AD4E7 /* Frameworks */ = {
			isa = PBXFrameworksBuildPhase;
			buildActionMask = 2147483647;
			files = (
			);
			runOnlyForDeploymentPostprocessing = 0;
		};
		399AF8C529AE82C9005AD4E7 /* Frameworks */ = {
			isa = PBXFrameworksBuildPhase;
			buildActionMask = 2147483647;
			files = (
			);
			runOnlyForDeploymentPostprocessing = 0;
		};
/* End PBXFrameworksBuildPhase section */

/* Begin PBXGroup section */
		399AF89F29AE82C5005AD4E7 = {
			isa = PBXGroup;
			children = (
				399AF8AA29AE82C5005AD4E7 /* appp */,
				399AF8C129AE82C9005AD4E7 /* apppTests */,
				399AF8CB29AE82C9005AD4E7 /* apppUITests */,
				399AF8A929AE82C5005AD4E7 /* Products */,
			);
			sourceTree = "<group>";
		};
		399AF8A929AE82C5005AD4E7 /* Products */ = {
			isa = PBXGroup;
			children = (
				399AF8A829AE82C5005AD4E7 /* appp.app */,
				399AF8BE29AE82C9005AD4E7 /* apppTests.xctest */,
				399AF8C829AE82C9005AD4E7 /* apppUITests.xctest */,
			);
			name = Products;
			sourceTree = "<group>";
		};
		399AF8AA29AE82C5005AD4E7 /* appp */ = {
			isa = PBXGroup;
			children = (
				399AF8AB29AE82C5005AD4E7 /* AppDelegate.swift */,
				399AF8AD29AE82C5005AD4E7 /* SceneDelegate.swift */,
				399AF8AF29AE82C5005AD4E7 /* ViewController.swift */,
				399AF8B129AE82C5005AD4E7 /* Main.storyboard */,
				399AF8B429AE82C9005AD4E7 /* Assets.xcassets */,
				399AF8B629AE82C9005AD4E7 /* LaunchScreen.storyboard */,
				399AF8B929AE82C9005AD4E7 /* Info.plist */,
			);
			path = appp;
			sourceTree = "<group>";
		};
		399AF8C129AE82C9005AD4E7 /* apppTests */ = {
			isa = PBXGroup;
			children = (
				399AF8C229AE82C9005AD4E7 /* apppTests.swift */,
			);
			path = apppTests;
			sourceTree = "<group>";
		};
		399AF8CB29AE82C9005AD4E7 /* apppUITests */ = {
			isa = PBXGroup;
			children = (
				399AF8CC29AE82C9005AD4E7 /* apppUITests.swift */,
				399AF8CE29AE82C9005AD4E7 /* apppUITestsLaunchTests.swift */,
			);
			path = apppUITests;
			sourceTree = "<group>";
		};
/* End PBXGroup section */

/* Begin PBXNativeTarget section */
		399AF8A729AE82C5005AD4E7 /* appp */ = {
			isa = PBXNativeTarget;
			buildConfigurationList = 399AF8D229AE82C9005AD4E7 /* Build configuration list for PBXNativeTarget "appp" */;
			buildPhases = (
				399AF8A429AE82C5005AD4E7 /* Sources */,
				399AF8A529AE82C5005AD4E7 /* Frameworks */,
				399AF8A629AE82C5005AD4E7 /* Resources */,
			);
			buildRules = (
			);
			dependencies = (
			);
			name = appp;
			productName = appp;
			productReference = 399AF8A829AE82C5005AD4E7 /* appp.app */;
			productType = "com.apple.product-type.application";
		};
		399AF8BD29AE82C9005AD4E7 /* apppTests */ = {
			isa = PBXNativeTarget;
			buildConfigurationList = 399AF8D529AE82C9005AD4E7 /* Build configuration list for PBXNativeTarget "apppTests" */;
			buildPhases = (
				399AF8BA29AE82C9005AD4E7 /* Sources */,
				399AF8BB29AE82C9005AD4E7 /* Frameworks */,
				399AF8BC29AE82C9005AD4E7 /* Resources */,
			);
			buildRules = (
			);
			dependencies = (
				399AF8C029AE82C9005AD4E7 /* PBXTargetDependency */,
			);
			name = apppTests;
			productName = apppTests;
			productReference = 399AF8BE29AE82C9005AD4E7 /* apppTests.xctest */;
			productType = "com.apple.product-type.bundle.unit-test";
		};
		399AF8C729AE82C9005AD4E7 /* apppUITests */ = {
			isa = PBXNativeTarget;
			buildConfigurationList = 399AF8D829AE82C9005AD4E7 /* Build configuration list for PBXNativeTarget "apppUITests" */;
			buildPhases = (
				399AF8C429AE82C9005AD4E7 /* Sources */,
				399AF8C529AE82C9005AD4E7 /* Frameworks */,
				399AF8C629AE82C9005AD4E7 /* Resources */,
			);
			buildRules = (
			);
			dependencies = (
				399AF8CA29AE82C9005AD4E7 /* PBXTargetDependency */,
			);
			name = apppUITests;
			productName = apppUITests;
			productReference = 399AF8C829AE82C9005AD4E7 /* apppUITests.xctest */;
			productType = "com.apple.product-type.bundle.ui-testing";
		};
/* End PBXNativeTarget section */

/* Begin PBXProject section */
		399AF8A029AE82C5005AD4E7 /* Project object */ = {
			isa = PBXProject;
			attributes = {
				BuildIndependentTargetsInParallel = 1;
				LastSwiftUpdateCheck = 1400;
				LastUpgradeCheck = 1400;
				TargetAttributes = {
					399AF8A729AE82C5005AD4E7 = {
						CreatedOnToolsVersion = 14.0;
					};
					399AF8BD29AE82C9005AD4E7 = {
						CreatedOnToolsVersion = 14.0;
						TestTargetID = 399AF8A729AE82C5005AD4E7;
					};
					399AF8C729AE82C9005AD4E7 = {
						CreatedOnToolsVersion = 14.0;
						TestTargetID = 399AF8A729AE82C5005AD4E7;
					};
				};
			};
			buildConfigurationList = 399AF8A329AE82C5005AD4E7 /* Build configuration list for PBXProject "appp" */;
			compatibilityVersion = "Xcode 14.0";
			developmentRegion = en;
			hasScannedForEncodings = 0;
			knownRegions = (
				en,
				Base,
			);
			mainGroup = 399AF89F29AE82C5005AD4E7;
			productRefGroup = 399AF8A929AE82C5005AD4E7 /* Products */;
			projectDirPath = "";
			projectRoot = "";
			targets = (
				399AF8A729AE82C5005AD4E7 /* appp */,
				399AF8BD29AE82C9005AD4E7 /* apppTests */,
				399AF8C729AE82C9005AD4E7 /* apppUITests */,
			);
		};
/* End PBXProject section */

/* Begin PBXResourcesBuildPhase section */
		399AF8A629AE82C5005AD4E7 /* Resources */ = {
			isa = PBXResourcesBuildPhase;
			buildActionMask = 2147483647;
			files = (
				399AF8B829AE82C9005AD4E7 /* LaunchScreen.storyboard in Resources */,
				399AF8B529AE82C9005AD4E7 /* Assets.xcassets in Resources */,
				399AF8B329AE82C5005AD4E7 /* Main.storyboard in Resources */,
			);
			runOnlyForDeploymentPostprocessing = 0;
		};
		399AF8BC29AE82C9005AD4E7 /* Resources */ = {
			isa = PBXResourcesBuildPhase;
			buildActionMask = 2147483647;
			files = (
			);
			runOnlyForDeploymentPostprocessing = 0;
		};
		399AF8C629AE82C9005AD4E7 /* Resources */ = {
			isa = PBXResourcesBuildPhase;
			buildActionMask = 2147483647;
			files = (
			);
			runOnlyForDeploymentPostprocessing = 0;
		};
/* End PBXResourcesBuildPhase section */

/* Begin PBXSourcesBuildPhase section */
		399AF8A429AE82C5005AD4E7 /* Sources */ = {
			isa = PBXSourcesBuildPhase;
			buildActionMask = 2147483647;
			files = (
				399AF8B029AE82C5005AD4E7 /* ViewController.swift in Sources */,
				399AF8AC29AE82C5005AD4E7 /* AppDelegate.swift in Sources */,
				399AF8AE29AE82C5005AD4E7 /* SceneDelegate.swift in Sources */,
			);
			runOnlyForDeploymentPostprocessing = 0;
		};
		399AF8BA29AE82C9005AD4E7 /* Sources */ = {
			isa = PBXSourcesBuildPhase;
			buildActionMask = 2147483647;
			files = (
				399AF8C329AE82C9005AD4E7 /* apppTests.swift in Sources */,
			);
			runOnlyForDeploymentPostprocessing = 0;
		};
		399AF8C429AE82C9005AD4E7 /* Sources */ = {
			isa = PBXSourcesBuildPhase;
			buildActionMask = 2147483647;
			files = (
				399AF8CD29AE82C9005AD4E7 /* apppUITests.swift in Sources */,
				399AF8CF29AE82C9005AD4E7 /* apppUITestsLaunchTests.swift in Sources */,
			);
			runOnlyForDeploymentPostprocessing = 0;
		};
/* End PBXSourcesBuildPhase section */

/* Begin PBXTargetDependency section */
		399AF8C029AE82C9005AD4E7 /* PBXTargetDependency */ = {
			isa = PBXTargetDependency;
			target = 399AF8A729AE82C5005AD4E7 /* appp */;
			targetProxy = 399AF8BF29AE82C9005AD4E7 /* PBXContainerItemProxy */;
		};
		399AF8CA29AE82C9005AD4E7 /* PBXTargetDependency */ = {
			isa = PBXTargetDependency;
			target = 399AF8A729AE82C5005AD4E7 /* appp */;
			targetProxy = 399AF8C929AE82C9005AD4E7 /* PBXContainerItemProxy */;
		};
/* End PBXTargetDependency section */

/* Begin PBXVariantGroup section */
		399AF8B129AE82C5005AD4E7 /* Main.storyboard */ = {
			isa = PBXVariantGroup;
			children = (
				399AF8B229AE82C5005AD4E7 /* Base */,
			);
			name = Main.storyboard;
			sourceTree = "<group>";
		};
		399AF8B629AE82C9005AD4E7 /* LaunchScreen.storyboard */ = {
			isa = PBXVariantGroup;
			children = (
				399AF8B729AE82C9005AD4E7 /* Base */,
			);
			name = LaunchScreen.storyboard;
			sourceTree = "<group>";
		};
/* End PBXVariantGroup section */

/* Begin XCBuildConfiguration section */
		399AF8D029AE82C9005AD4E7 /* Debug */ = {
			isa = XCBuildConfiguration;
			buildSettings = {
				ALWAYS_SEARCH_USER_PATHS = NO;
				CLANG_ANALYZER_NONNULL = YES;
				CLANG_ANALYZER_NUMBER_OBJECT_CONVERSION = YES_AGGRESSIVE;
				CLANG_CXX_LANGUAGE_STANDARD = "gnu++20";
				CLANG_ENABLE_MODULES = YES;
				CLANG_ENABLE_OBJC_ARC = YES;
				CLANG_ENABLE_OBJC_WEAK = YES;
				CLANG_WARN_BLOCK_CAPTURE_AUTORELEASING = YES;
				CLANG_WARN_BOOL_CONVERSION = YES;
				CLANG_WARN_COMMA = YES;
				CLANG_WARN_CONSTANT_CONVERSION = YES;
				CLANG_WARN_DEPRECATED_OBJC_IMPLEMENTATIONS = YES;
				CLANG_WARN_DIRECT_OBJC_ISA_USAGE = YES_ERROR;
				CLANG_WARN_DOCUMENTATION_COMMENTS = YES;
				CLANG_WARN_EMPTY_BODY = YES;
				CLANG_WARN_ENUM_CONVERSION = YES;
				CLANG_WARN_INFINITE_RECURSION = YES;
				CLANG_WARN_INT_CONVERSION = YES;
				CLANG_WARN_NON_LITERAL_NULL_CONVERSION = YES;
				CLANG_WARN_OBJC_IMPLICIT_RETAIN_SELF = YES;
				CLANG_WARN_OBJC_LITERAL_CONVERSION = YES;
				CLANG_WARN_OBJC_ROOT_CLASS = YES_ERROR;
				CLANG_WARN_QUOTED_INCLUDE_IN_FRAMEWORK_HEADER = YES;
				CLANG_WARN_RANGE_LOOP_ANALYSIS = YES;
				CLANG_WARN_STRICT_PROTOTYPES = YES;
				CLANG_WARN_SUSPICIOUS_MOVE = YES;
				CLANG_WARN_UNGUARDED_AVAILABILITY = YES_AGGRESSIVE;
				CLANG_WARN_UNREACHABLE_CODE = YES;
				CLANG_WARN__DUPLICATE_METHOD_MATCH = YES;
				COPY_PHASE_STRIP = NO;
				DEBUG_INFORMATION_FORMAT = dwarf;
				ENABLE_STRICT_OBJC_MSGSEND = YES;
				ENABLE_TESTABILITY = YES;
				GCC_C_LANGUAGE_STANDARD = gnu11;
				GCC_DYNAMIC_NO_PIC = NO;
				GCC_NO_COMMON_BLOCKS = YES;
				GCC_OPTIMIZATION_LEVEL = 0;
				GCC_PREPROCESSOR_DEFINITIONS = (
					"DEBUG=1",
					"$(inherited)",
				);
				GCC_WARN_64_TO_32_BIT_CONVERSION = YES;
				GCC_WARN_ABOUT_RETURN_TYPE = YES_ERROR;
				GCC_WARN_UNDECLARED_SELECTOR = YES;
				GCC_WARN_UNINITIALIZED_AUTOS = YES_AGGRESSIVE;
				GCC_WARN_UNUSED_FUNCTION = YES;
				GCC_WARN_UNUSED_VARIABLE = YES;
				IPHONEOS_DEPLOYMENT_TARGET = 16.0;
				MTL_ENABLE_DEBUG_INFO = INCLUDE_SOURCE;
				MTL_FAST_MATH = YES;
				ONLY_ACTIVE_ARCH = YES;
				SDKROOT = iphoneos;
				SWIFT_ACTIVE_COMPILATION_CONDITIONS = DEBUG;
				SWIFT_OPTIMIZATION_LEVEL = "-Onone";
			};
			name = Debug;
		};
		399AF8D129AE82C9005AD4E7 /* Release */ = {
			isa = XCBuildConfiguration;
			buildSettings = {
				ALWAYS_SEARCH_USER_PATHS = NO;
				CLANG_ANALYZER_NONNULL = YES;
				CLANG_ANALYZER_NUMBER_OBJECT_CONVERSION = YES_AGGRESSIVE;
				CLANG_CXX_LANGUAGE_STANDARD = "gnu++20";
				CLANG_ENABLE_MODULES = YES;
				CLANG_ENABLE_OBJC_ARC = YES;
				CLANG_ENABLE_OBJC_WEAK = YES;
				CLANG_WARN_BLOCK_CAPTURE_AUTORELEASING = YES;
				CLANG_WARN_BOOL_CONVERSION = YES;
				CLANG_WARN_COMMA = YES;
				CLANG_WARN_CONSTANT_CONVERSION = YES;
				CLANG_WARN_DEPRECATED_OBJC_IMPLEMENTATIONS = YES;
				CLANG_WARN_DIRECT_OBJC_ISA_USAGE = YES_ERROR;
				CLANG_WARN_DOCUMENTATION_COMMENTS = YES;
				CLANG_WARN_EMPTY_BODY = YES;
				CLANG_WARN_ENUM_CONVERSION = YES;
				CLANG_WARN_INFINITE_RECURSION = YES;
				CLANG_WARN_INT_CONVERSION = YES;
				CLANG_WARN_NON_LITERAL_NULL_CONVERSION = YES;
				CLANG_WARN_OBJC_IMPLICIT_RETAIN_SELF = YES;
				CLANG_WARN_OBJC_LITERAL_CONVERSION = YES;
				CLANG_WARN_OBJC_ROOT_CLASS = YES_ERROR;
				CLANG_WARN_QUOTED_INCLUDE_IN_FRAMEWORK_HEADER = YES;
				CLANG_WARN_RANGE_LOOP_ANALYSIS = YES;
				CLANG_WARN_STRICT_PROTOTYPES = YES;
				CLANG_WARN_SUSPICIOUS_MOVE = YES;
				CLANG_WARN_UNGUARDED_AVAILABILITY = YES_AGGRESSIVE;
				CLANG_WARN_UNREACHABLE_CODE = YES;
				CLANG_WARN__DUPLICATE_METHOD_MATCH = YES;
				COPY_PHASE_STRIP = NO;
				DEBUG_INFORMATION_FORMAT = "dwarf-with-dsym";
				ENABLE_NS_ASSERTIONS = NO;
				ENABLE_STRICT_OBJC_MSGSEND = YES;
				GCC_C_LANGUAGE_STANDARD = gnu11;
				GCC_NO_COMMON_BLOCKS = YES;
				GCC_WARN_64_TO_32_BIT_CONVERSION = YES;
				GCC_WARN_ABOUT_RETURN_TYPE = YES_ERROR;
				GCC_WARN_UNDECLARED_SELECTOR = YES;
				GCC_WARN_UNINITIALIZED_AUTOS = YES_AGGRESSIVE;
				GCC_WARN_UNUSED_FUNCTION = YES;
				GCC_WARN_UNUSED_VARIABLE = YES;
				IPHONEOS_DEPLOYMENT_TARGET = 16.0;
				MTL_ENABLE_DEBUG_INFO = NO;
				MTL_FAST_MATH = YES;
				SDKROOT = iphoneos;
				SWIFT_COMPILATION_MODE = wholemodule;
				SWIFT_OPTIMIZATION_LEVEL = "-O";
				VALIDATE_PRODUCT = YES;
			};
			name = Release;
		};
		399AF8D329AE82C9005AD4E7 /* Debug */ = {
			isa = XCBuildConfiguration;
			buildSettings = {
				ASSETCATALOG_COMPILER_APPICON_NAME = AppIcon;
				ASSETCATALOG_COMPILER_GLOBAL_ACCENT_COLOR_NAME = AccentColor;
				CODE_SIGN_STYLE = Automatic;
				CURRENT_PROJECT_VERSION = 1;
				GENERATE_INFOPLIST_FILE = YES;
				INFOPLIST_FILE = appp/Info.plist;
				INFOPLIST_KEY_UIApplicationSupportsIndirectInputEvents = YES;
				INFOPLIST_KEY_UILaunchStoryboardName = LaunchScreen;
				INFOPLIST_KEY_UIMainStoryboardFile = Main;
				INFOPLIST_KEY_UISupportedInterfaceOrientations_iPad = "UIInterfaceOrientationPortrait UIInterfaceOrientationPortraitUpsideDown UIInterfaceOrientationLandscapeLeft UIInterfaceOrientationLandscapeRight";
				INFOPLIST_KEY_UISupportedInterfaceOrientations_iPhone = "UIInterfaceOrientationPortrait UIInterfaceOrientationLandscapeLeft UIInterfaceOrientationLandscapeRight";
				IPHONEOS_DEPLOYMENT_TARGET = 15.0;
				LD_RUNPATH_SEARCH_PATHS = (
					"$(inherited)",
					"@executable_path/Frameworks",
				);
				MARKETING_VERSION = 1.0;
				PRODUCT_BUNDLE_IDENTIFIER = nwmissouri.edu.appp;
				PRODUCT_NAME = "$(TARGET_NAME)";
				SWIFT_EMIT_LOC_STRINGS = YES;
				SWIFT_VERSION = 5.0;
				TARGETED_DEVICE_FAMILY = "1,2";
			};
			name = Debug;
		};
		399AF8D429AE82C9005AD4E7 /* Release */ = {
			isa = XCBuildConfiguration;
			buildSettings = {
				ASSETCATALOG_COMPILER_APPICON_NAME = AppIcon;
				ASSETCATALOG_COMPILER_GLOBAL_ACCENT_COLOR_NAME = AccentColor;
				CODE_SIGN_STYLE = Automatic;
				CURRENT_PROJECT_VERSION = 1;
				GENERATE_INFOPLIST_FILE = YES;
				INFOPLIST_FILE = appp/Info.plist;
				INFOPLIST_KEY_UIApplicationSupportsIndirectInputEvents = YES;
				INFOPLIST_KEY_UILaunchStoryboardName = LaunchScreen;
				INFOPLIST_KEY_UIMainStoryboardFile = Main;
				INFOPLIST_KEY_UISupportedInterfaceOrientations_iPad = "UIInterfaceOrientationPortrait UIInterfaceOrientationPortraitUpsideDown UIInterfaceOrientationLandscapeLeft UIInterfaceOrientationLandscapeRight";
				INFOPLIST_KEY_UISupportedInterfaceOrientations_iPhone = "UIInterfaceOrientationPortrait UIInterfaceOrientationLandscapeLeft UIInterfaceOrientationLandscapeRight";
				IPHONEOS_DEPLOYMENT_TARGET = 15.0;
				LD_RUNPATH_SEARCH_PATHS = (
					"$(inherited)",
					"@executable_path/Frameworks",
				);
				MARKETING_VERSION = 1.0;
				PRODUCT_BUNDLE_IDENTIFIER = nwmissouri.edu.appp;
				PRODUCT_NAME = "$(TARGET_NAME)";
				SWIFT_EMIT_LOC_STRINGS = YES;
				SWIFT_VERSION = 5.0;
				TARGETED_DEVICE_FAMILY = "1,2";
			};
			name = Release;
		};
		399AF8D629AE82C9005AD4E7 /* Debug */ = {
			isa = XCBuildConfiguration;
			buildSettings = {
				ALWAYS_EMBED_SWIFT_STANDARD_LIBRARIES = YES;
				BUNDLE_LOADER = "$(TEST_HOST)";
				CODE_SIGN_STYLE = Automatic;
				CURRENT_PROJECT_VERSION = 1;
				GENERATE_INFOPLIST_FILE = YES;
				IPHONEOS_DEPLOYMENT_TARGET = 16.0;
				MARKETING_VERSION = 1.0;
				PRODUCT_BUNDLE_IDENTIFIER = nwmissouri.edu.apppTests;
				PRODUCT_NAME = "$(TARGET_NAME)";
				SWIFT_EMIT_LOC_STRINGS = NO;
				SWIFT_VERSION = 5.0;
				TARGETED_DEVICE_FAMILY = "1,2";
				TEST_HOST = "$(BUILT_PRODUCTS_DIR)/appp.app/$(BUNDLE_EXECUTABLE_FOLDER_PATH)/appp";
			};
			name = Debug;
		};
		399AF8D729AE82C9005AD4E7 /* Release */ = {
			isa = XCBuildConfiguration;
			buildSettings = {
				ALWAYS_EMBED_SWIFT_STANDARD_LIBRARIES = YES;
				BUNDLE_LOADER = "$(TEST_HOST)";
				CODE_SIGN_STYLE = Automatic;
				CURRENT_PROJECT_VERSION = 1;
				GENERATE_INFOPLIST_FILE = YES;
				IPHONEOS_DEPLOYMENT_TARGET = 16.0;
				MARKETING_VERSION = 1.0;
				PRODUCT_BUNDLE_IDENTIFIER = nwmissouri.edu.apppTests;
				PRODUCT_NAME = "$(TARGET_NAME)";
				SWIFT_EMIT_LOC_STRINGS = NO;
				SWIFT_VERSION = 5.0;
				TARGETED_DEVICE_FAMILY = "1,2";
				TEST_HOST = "$(BUILT_PRODUCTS_DIR)/appp.app/$(BUNDLE_EXECUTABLE_FOLDER_PATH)/appp";
			};
			name = Release;
		};
		399AF8D929AE82C9005AD4E7 /* Debug */ = {
			isa = XCBuildConfiguration;
			buildSettings = {
				ALWAYS_EMBED_SWIFT_STANDARD_LIBRARIES = YES;
				CODE_SIGN_STYLE = Automatic;
				CURRENT_PROJECT_VERSION = 1;
				GENERATE_INFOPLIST_FILE = YES;
				MARKETING_VERSION = 1.0;
				PRODUCT_BUNDLE_IDENTIFIER = nwmissouri.edu.apppUITests;
				PRODUCT_NAME = "$(TARGET_NAME)";
				SWIFT_EMIT_LOC_STRINGS = NO;
				SWIFT_VERSION = 5.0;
				TARGETED_DEVICE_FAMILY = "1,2";
				TEST_TARGET_NAME = appp;
			};
			name = Debug;
		};
		399AF8DA29AE82C9005AD4E7 /* Release */ = {
			isa = XCBuildConfiguration;
			buildSettings = {
				ALWAYS_EMBED_SWIFT_STANDARD_LIBRARIES = YES;
				CODE_SIGN_STYLE = Automatic;
				CURRENT_PROJECT_VERSION = 1;
				GENERATE_INFOPLIST_FILE = YES;
				MARKETING_VERSION = 1.0;
				PRODUCT_BUNDLE_IDENTIFIER = nwmissouri.edu.apppUITests;
				PRODUCT_NAME = "$(TARGET_NAME)";
				SWIFT_EMIT_LOC_STRINGS = NO;
				SWIFT_VERSION = 5.0;
				TARGETED_DEVICE_FAMILY = "1,2";
				TEST_TARGET_NAME = appp;
			};
			name = Release;
		};
/* End XCBuildConfiguration section */

/* Begin XCConfigurationList section */
		399AF8A329AE82C5005AD4E7 /* Build configuration list for PBXProject "appp" */ = {
			isa = XCConfigurationList;
			buildConfigurations = (
				399AF8D029AE82C9005AD4E7 /* Debug */,
				399AF8D129AE82C9005AD4E7 /* Release */,
			);
			defaultConfigurationIsVisible = 0;
			defaultConfigurationName = Release;
		};
		399AF8D229AE82C9005AD4E7 /* Build configuration list for PBXNativeTarget "appp" */ = {
			isa = XCConfigurationList;
			buildConfigurations = (
				399AF8D329AE82C9005AD4E7 /* Debug */,
				399AF8D429AE82C9005AD4E7 /* Release */,
			);
			defaultConfigurationIsVisible = 0;
			defaultConfigurationName = Release;
		};
		399AF8D529AE82C9005AD4E7 /* Build configuration list for PBXNativeTarget "apppTests" */ = {
			isa = XCConfigurationList;
			buildConfigurations = (
				399AF8D629AE82C9005AD4E7 /* Debug */,
				399AF8D729AE82C9005AD4E7 /* Release */,
			);
			defaultConfigurationIsVisible = 0;
			defaultConfigurationName = Release;
		};
		399AF8D829AE82C9005AD4E7 /* Build configuration list for PBXNativeTarget "apppUITests" */ = {
			isa = XCConfigurationList;
			buildConfigurations = (
				399AF8D929AE82C9005AD4E7 /* Debug */,
				399AF8DA29AE82C9005AD4E7 /* Release */,
			);
			defaultConfigurationIsVisible = 0;
			defaultConfigurationName = Release;
		};
/* End XCConfigurationList section */
	};
	rootObject = 399AF8A029AE82C5005AD4E7 /* Project object */;
}
