// !$*UTF8*$!
{
	archiveVersion = 1;
	classes = {
	};
	objectVersion = 55;
	objects = {

/* Begin PBXBuildFile section */
		39ACA89F2989AB3700CDD9F8 /* AppDelegate.swift in Sources */ = {isa = PBXBuildFile; fileRef = 39ACA89E2989AB3700CDD9F8 /* AppDelegate.swift */; };
		39ACA8A12989AB3700CDD9F8 /* SceneDelegate.swift in Sources */ = {isa = PBXBuildFile; fileRef = 39ACA8A02989AB3700CDD9F8 /* SceneDelegate.swift */; };
		39ACA8A32989AB3700CDD9F8 /* ViewController.swift in Sources */ = {isa = PBXBuildFile; fileRef = 39ACA8A22989AB3700CDD9F8 /* ViewController.swift */; };
		39ACA8A62989AB3700CDD9F8 /* Main.storyboard in Resources */ = {isa = PBXBuildFile; fileRef = 39ACA8A42989AB3700CDD9F8 /* Main.storyboard */; };
		39ACA8A82989AB3900CDD9F8 /* Assets.xcassets in Resources */ = {isa = PBXBuildFile; fileRef = 39ACA8A72989AB3900CDD9F8 /* Assets.xcassets */; };
		39ACA8AB2989AB3900CDD9F8 /* LaunchScreen.storyboard in Resources */ = {isa = PBXBuildFile; fileRef = 39ACA8A92989AB3900CDD9F8 /* LaunchScreen.storyboard */; };
		39ACA8B62989AB3900CDD9F8 /* vowelsTests.swift in Sources */ = {isa = PBXBuildFile; fileRef = 39ACA8B52989AB3900CDD9F8 /* vowelsTests.swift */; };
		39ACA8C02989AB3900CDD9F8 /* vowelsUITests.swift in Sources */ = {isa = PBXBuildFile; fileRef = 39ACA8BF2989AB3900CDD9F8 /* vowelsUITests.swift */; };
		39ACA8C22989AB3900CDD9F8 /* vowelsUITestsLaunchTests.swift in Sources */ = {isa = PBXBuildFile; fileRef = 39ACA8C12989AB3900CDD9F8 /* vowelsUITestsLaunchTests.swift */; };
/* End PBXBuildFile section */

/* Begin PBXContainerItemProxy section */
		39ACA8B22989AB3900CDD9F8 /* PBXContainerItemProxy */ = {
			isa = PBXContainerItemProxy;
			containerPortal = 39ACA8932989AB3700CDD9F8 /* Project object */;
			proxyType = 1;
			remoteGlobalIDString = 39ACA89A2989AB3700CDD9F8;
			remoteInfo = vowels;
		};
		39ACA8BC2989AB3900CDD9F8 /* PBXContainerItemProxy */ = {
			isa = PBXContainerItemProxy;
			containerPortal = 39ACA8932989AB3700CDD9F8 /* Project object */;
			proxyType = 1;
			remoteGlobalIDString = 39ACA89A2989AB3700CDD9F8;
			remoteInfo = vowels;
		};
/* End PBXContainerItemProxy section */

/* Begin PBXFileReference section */
		39ACA89B2989AB3700CDD9F8 /* vowels.app */ = {isa = PBXFileReference; explicitFileType = wrapper.application; includeInIndex = 0; path = vowels.app; sourceTree = BUILT_PRODUCTS_DIR; };
		39ACA89E2989AB3700CDD9F8 /* AppDelegate.swift */ = {isa = PBXFileReference; lastKnownFileType = sourcecode.swift; path = AppDelegate.swift; sourceTree = "<group>"; };
		39ACA8A02989AB3700CDD9F8 /* SceneDelegate.swift */ = {isa = PBXFileReference; lastKnownFileType = sourcecode.swift; path = SceneDelegate.swift; sourceTree = "<group>"; };
		39ACA8A22989AB3700CDD9F8 /* ViewController.swift */ = {isa = PBXFileReference; lastKnownFileType = sourcecode.swift; path = ViewController.swift; sourceTree = "<group>"; };
		39ACA8A52989AB3700CDD9F8 /* Base */ = {isa = PBXFileReference; lastKnownFileType = file.storyboard; name = Base; path = Base.lproj/Main.storyboard; sourceTree = "<group>"; };
		39ACA8A72989AB3900CDD9F8 /* Assets.xcassets */ = {isa = PBXFileReference; lastKnownFileType = folder.assetcatalog; path = Assets.xcassets; sourceTree = "<group>"; };
		39ACA8AA2989AB3900CDD9F8 /* Base */ = {isa = PBXFileReference; lastKnownFileType = file.storyboard; name = Base; path = Base.lproj/LaunchScreen.storyboard; sourceTree = "<group>"; };
		39ACA8AC2989AB3900CDD9F8 /* Info.plist */ = {isa = PBXFileReference; lastKnownFileType = text.plist.xml; path = Info.plist; sourceTree = "<group>"; };
		39ACA8B12989AB3900CDD9F8 /* vowelsTests.xctest */ = {isa = PBXFileReference; explicitFileType = wrapper.cfbundle; includeInIndex = 0; path = vowelsTests.xctest; sourceTree = BUILT_PRODUCTS_DIR; };
		39ACA8B52989AB3900CDD9F8 /* vowelsTests.swift */ = {isa = PBXFileReference; lastKnownFileType = sourcecode.swift; path = vowelsTests.swift; sourceTree = "<group>"; };
		39ACA8BB2989AB3900CDD9F8 /* vowelsUITests.xctest */ = {isa = PBXFileReference; explicitFileType = wrapper.cfbundle; includeInIndex = 0; path = vowelsUITests.xctest; sourceTree = BUILT_PRODUCTS_DIR; };
		39ACA8BF2989AB3900CDD9F8 /* vowelsUITests.swift */ = {isa = PBXFileReference; lastKnownFileType = sourcecode.swift; path = vowelsUITests.swift; sourceTree = "<group>"; };
		39ACA8C12989AB3900CDD9F8 /* vowelsUITestsLaunchTests.swift */ = {isa = PBXFileReference; lastKnownFileType = sourcecode.swift; path = vowelsUITestsLaunchTests.swift; sourceTree = "<group>"; };
/* End PBXFileReference section */

/* Begin PBXFrameworksBuildPhase section */
		39ACA8982989AB3700CDD9F8 /* Frameworks */ = {
			isa = PBXFrameworksBuildPhase;
			buildActionMask = 2147483647;
			files = (
			);
			runOnlyForDeploymentPostprocessing = 0;
		};
		39ACA8AE2989AB3900CDD9F8 /* Frameworks */ = {
			isa = PBXFrameworksBuildPhase;
			buildActionMask = 2147483647;
			files = (
			);
			runOnlyForDeploymentPostprocessing = 0;
		};
		39ACA8B82989AB3900CDD9F8 /* Frameworks */ = {
			isa = PBXFrameworksBuildPhase;
			buildActionMask = 2147483647;
			files = (
			);
			runOnlyForDeploymentPostprocessing = 0;
		};
/* End PBXFrameworksBuildPhase section */

/* Begin PBXGroup section */
		39ACA8922989AB3700CDD9F8 = {
			isa = PBXGroup;
			children = (
				39ACA89D2989AB3700CDD9F8 /* vowels */,
				39ACA8B42989AB3900CDD9F8 /* vowelsTests */,
				39ACA8BE2989AB3900CDD9F8 /* vowelsUITests */,
				39ACA89C2989AB3700CDD9F8 /* Products */,
			);
			sourceTree = "<group>";
		};
		39ACA89C2989AB3700CDD9F8 /* Products */ = {
			isa = PBXGroup;
			children = (
				39ACA89B2989AB3700CDD9F8 /* vowels.app */,
				39ACA8B12989AB3900CDD9F8 /* vowelsTests.xctest */,
				39ACA8BB2989AB3900CDD9F8 /* vowelsUITests.xctest */,
			);
			name = Products;
			sourceTree = "<group>";
		};
		39ACA89D2989AB3700CDD9F8 /* vowels */ = {
			isa = PBXGroup;
			children = (
				39ACA89E2989AB3700CDD9F8 /* AppDelegate.swift */,
				39ACA8A02989AB3700CDD9F8 /* SceneDelegate.swift */,
				39ACA8A22989AB3700CDD9F8 /* ViewController.swift */,
				39ACA8A42989AB3700CDD9F8 /* Main.storyboard */,
				39ACA8A72989AB3900CDD9F8 /* Assets.xcassets */,
				39ACA8A92989AB3900CDD9F8 /* LaunchScreen.storyboard */,
				39ACA8AC2989AB3900CDD9F8 /* Info.plist */,
			);
			path = vowels;
			sourceTree = "<group>";
		};
		39ACA8B42989AB3900CDD9F8 /* vowelsTests */ = {
			isa = PBXGroup;
			children = (
				39ACA8B52989AB3900CDD9F8 /* vowelsTests.swift */,
			);
			path = vowelsTests;
			sourceTree = "<group>";
		};
		39ACA8BE2989AB3900CDD9F8 /* vowelsUITests */ = {
			isa = PBXGroup;
			children = (
				39ACA8BF2989AB3900CDD9F8 /* vowelsUITests.swift */,
				39ACA8C12989AB3900CDD9F8 /* vowelsUITestsLaunchTests.swift */,
			);
			path = vowelsUITests;
			sourceTree = "<group>";
		};
/* End PBXGroup section */

/* Begin PBXNativeTarget section */
		39ACA89A2989AB3700CDD9F8 /* vowels */ = {
			isa = PBXNativeTarget;
			buildConfigurationList = 39ACA8C52989AB3900CDD9F8 /* Build configuration list for PBXNativeTarget "vowels" */;
			buildPhases = (
				39ACA8972989AB3700CDD9F8 /* Sources */,
				39ACA8982989AB3700CDD9F8 /* Frameworks */,
				39ACA8992989AB3700CDD9F8 /* Resources */,
			);
			buildRules = (
			);
			dependencies = (
			);
			name = vowels;
			productName = vowels;
			productReference = 39ACA89B2989AB3700CDD9F8 /* vowels.app */;
			productType = "com.apple.product-type.application";
		};
		39ACA8B02989AB3900CDD9F8 /* vowelsTests */ = {
			isa = PBXNativeTarget;
			buildConfigurationList = 39ACA8C82989AB3900CDD9F8 /* Build configuration list for PBXNativeTarget "vowelsTests" */;
			buildPhases = (
				39ACA8AD2989AB3900CDD9F8 /* Sources */,
				39ACA8AE2989AB3900CDD9F8 /* Frameworks */,
				39ACA8AF2989AB3900CDD9F8 /* Resources */,
			);
			buildRules = (
			);
			dependencies = (
				39ACA8B32989AB3900CDD9F8 /* PBXTargetDependency */,
			);
			name = vowelsTests;
			productName = vowelsTests;
			productReference = 39ACA8B12989AB3900CDD9F8 /* vowelsTests.xctest */;
			productType = "com.apple.product-type.bundle.unit-test";
		};
		39ACA8BA2989AB3900CDD9F8 /* vowelsUITests */ = {
			isa = PBXNativeTarget;
			buildConfigurationList = 39ACA8CB2989AB3900CDD9F8 /* Build configuration list for PBXNativeTarget "vowelsUITests" */;
			buildPhases = (
				39ACA8B72989AB3900CDD9F8 /* Sources */,
				39ACA8B82989AB3900CDD9F8 /* Frameworks */,
				39ACA8B92989AB3900CDD9F8 /* Resources */,
			);
			buildRules = (
			);
			dependencies = (
				39ACA8BD2989AB3900CDD9F8 /* PBXTargetDependency */,
			);
			name = vowelsUITests;
			productName = vowelsUITests;
			productReference = 39ACA8BB2989AB3900CDD9F8 /* vowelsUITests.xctest */;
			productType = "com.apple.product-type.bundle.ui-testing";
		};
/* End PBXNativeTarget section */

/* Begin PBXProject section */
		39ACA8932989AB3700CDD9F8 /* Project object */ = {
			isa = PBXProject;
			attributes = {
				BuildIndependentTargetsInParallel = 1;
				LastSwiftUpdateCheck = 1340;
				LastUpgradeCheck = 1340;
				TargetAttributes = {
					39ACA89A2989AB3700CDD9F8 = {
						CreatedOnToolsVersion = 13.4.1;
					};
					39ACA8B02989AB3900CDD9F8 = {
						CreatedOnToolsVersion = 13.4.1;
						TestTargetID = 39ACA89A2989AB3700CDD9F8;
					};
					39ACA8BA2989AB3900CDD9F8 = {
						CreatedOnToolsVersion = 13.4.1;
						TestTargetID = 39ACA89A2989AB3700CDD9F8;
					};
				};
			};
			buildConfigurationList = 39ACA8962989AB3700CDD9F8 /* Build configuration list for PBXProject "vowels" */;
			compatibilityVersion = "Xcode 13.0";
			developmentRegion = en;
			hasScannedForEncodings = 0;
			knownRegions = (
				en,
				Base,
			);
			mainGroup = 39ACA8922989AB3700CDD9F8;
			productRefGroup = 39ACA89C2989AB3700CDD9F8 /* Products */;
			projectDirPath = "";
			projectRoot = "";
			targets = (
				39ACA89A2989AB3700CDD9F8 /* vowels */,
				39ACA8B02989AB3900CDD9F8 /* vowelsTests */,
				39ACA8BA2989AB3900CDD9F8 /* vowelsUITests */,
			);
		};
/* End PBXProject section */

/* Begin PBXResourcesBuildPhase section */
		39ACA8992989AB3700CDD9F8 /* Resources */ = {
			isa = PBXResourcesBuildPhase;
			buildActionMask = 2147483647;
			files = (
				39ACA8AB2989AB3900CDD9F8 /* LaunchScreen.storyboard in Resources */,
				39ACA8A82989AB3900CDD9F8 /* Assets.xcassets in Resources */,
				39ACA8A62989AB3700CDD9F8 /* Main.storyboard in Resources */,
			);
			runOnlyForDeploymentPostprocessing = 0;
		};
		39ACA8AF2989AB3900CDD9F8 /* Resources */ = {
			isa = PBXResourcesBuildPhase;
			buildActionMask = 2147483647;
			files = (
			);
			runOnlyForDeploymentPostprocessing = 0;
		};
		39ACA8B92989AB3900CDD9F8 /* Resources */ = {
			isa = PBXResourcesBuildPhase;
			buildActionMask = 2147483647;
			files = (
			);
			runOnlyForDeploymentPostprocessing = 0;
		};
/* End PBXResourcesBuildPhase section */

/* Begin PBXSourcesBuildPhase section */
		39ACA8972989AB3700CDD9F8 /* Sources */ = {
			isa = PBXSourcesBuildPhase;
			buildActionMask = 2147483647;
			files = (
				39ACA8A32989AB3700CDD9F8 /* ViewController.swift in Sources */,
				39ACA89F2989AB3700CDD9F8 /* AppDelegate.swift in Sources */,
				39ACA8A12989AB3700CDD9F8 /* SceneDelegate.swift in Sources */,
			);
			runOnlyForDeploymentPostprocessing = 0;
		};
		39ACA8AD2989AB3900CDD9F8 /* Sources */ = {
			isa = PBXSourcesBuildPhase;
			buildActionMask = 2147483647;
			files = (
				39ACA8B62989AB3900CDD9F8 /* vowelsTests.swift in Sources */,
			);
			runOnlyForDeploymentPostprocessing = 0;
		};
		39ACA8B72989AB3900CDD9F8 /* Sources */ = {
			isa = PBXSourcesBuildPhase;
			buildActionMask = 2147483647;
			files = (
				39ACA8C22989AB3900CDD9F8 /* vowelsUITestsLaunchTests.swift in Sources */,
				39ACA8C02989AB3900CDD9F8 /* vowelsUITests.swift in Sources */,
			);
			runOnlyForDeploymentPostprocessing = 0;
		};
/* End PBXSourcesBuildPhase section */

/* Begin PBXTargetDependency section */
		39ACA8B32989AB3900CDD9F8 /* PBXTargetDependency */ = {
			isa = PBXTargetDependency;
			target = 39ACA89A2989AB3700CDD9F8 /* vowels */;
			targetProxy = 39ACA8B22989AB3900CDD9F8 /* PBXContainerItemProxy */;
		};
		39ACA8BD2989AB3900CDD9F8 /* PBXTargetDependency */ = {
			isa = PBXTargetDependency;
			target = 39ACA89A2989AB3700CDD9F8 /* vowels */;
			targetProxy = 39ACA8BC2989AB3900CDD9F8 /* PBXContainerItemProxy */;
		};
/* End PBXTargetDependency section */

/* Begin PBXVariantGroup section */
		39ACA8A42989AB3700CDD9F8 /* Main.storyboard */ = {
			isa = PBXVariantGroup;
			children = (
				39ACA8A52989AB3700CDD9F8 /* Base */,
			);
			name = Main.storyboard;
			sourceTree = "<group>";
		};
		39ACA8A92989AB3900CDD9F8 /* LaunchScreen.storyboard */ = {
			isa = PBXVariantGroup;
			children = (
				39ACA8AA2989AB3900CDD9F8 /* Base */,
			);
			name = LaunchScreen.storyboard;
			sourceTree = "<group>";
		};
/* End PBXVariantGroup section */

/* Begin XCBuildConfiguration section */
		39ACA8C32989AB3900CDD9F8 /* Debug */ = {
			isa = XCBuildConfiguration;
			buildSettings = {
				ALWAYS_SEARCH_USER_PATHS = NO;
				CLANG_ANALYZER_NONNULL = YES;
				CLANG_ANALYZER_NUMBER_OBJECT_CONVERSION = YES_AGGRESSIVE;
				CLANG_CXX_LANGUAGE_STANDARD = "gnu++17";
				CLANG_ENABLE_MODULES = YES;
				CLANG_ENABLE_OBJC_ARC = YES;
				CLANG_ENABLE_OBJC_WEAK = YES;
				CLANG_WARN_BLOCK_CAPTURE_AUTORELEASING = YES;
				CLANG_WARN_BOOL_CONVERSION = YES;
				CLANG_WARN_COMMA = YES;
				CLANG_WARN_CONSTANT_CONVERSION = YES;
				CLANG_WARN_DEPRECATED_OBJC_IMPLEMENTATIONS = YES;
				CLANG_WARN_DIRECT_OBJC_ISA_USAGE = YES_ERROR;
				CLANG_WARN_DOCUMENTATION_COMMENTS = YES;
				CLANG_WARN_EMPTY_BODY = YES;
				CLANG_WARN_ENUM_CONVERSION = YES;
				CLANG_WARN_INFINITE_RECURSION = YES;
				CLANG_WARN_INT_CONVERSION = YES;
				CLANG_WARN_NON_LITERAL_NULL_CONVERSION = YES;
				CLANG_WARN_OBJC_IMPLICIT_RETAIN_SELF = YES;
				CLANG_WARN_OBJC_LITERAL_CONVERSION = YES;
				CLANG_WARN_OBJC_ROOT_CLASS = YES_ERROR;
				CLANG_WARN_QUOTED_INCLUDE_IN_FRAMEWORK_HEADER = YES;
				CLANG_WARN_RANGE_LOOP_ANALYSIS = YES;
				CLANG_WARN_STRICT_PROTOTYPES = YES;
				CLANG_WARN_SUSPICIOUS_MOVE = YES;
				CLANG_WARN_UNGUARDED_AVAILABILITY = YES_AGGRESSIVE;
				CLANG_WARN_UNREACHABLE_CODE = YES;
				CLANG_WARN__DUPLICATE_METHOD_MATCH = YES;
				COPY_PHASE_STRIP = NO;
				DEBUG_INFORMATION_FORMAT = dwarf;
				ENABLE_STRICT_OBJC_MSGSEND = YES;
				ENABLE_TESTABILITY = YES;
				GCC_C_LANGUAGE_STANDARD = gnu11;
				GCC_DYNAMIC_NO_PIC = NO;
				GCC_NO_COMMON_BLOCKS = YES;
				GCC_OPTIMIZATION_LEVEL = 0;
				GCC_PREPROCESSOR_DEFINITIONS = (
					"DEBUG=1",
					"$(inherited)",
				);
				GCC_WARN_64_TO_32_BIT_CONVERSION = YES;
				GCC_WARN_ABOUT_RETURN_TYPE = YES_ERROR;
				GCC_WARN_UNDECLARED_SELECTOR = YES;
				GCC_WARN_UNINITIALIZED_AUTOS = YES_AGGRESSIVE;
				GCC_WARN_UNUSED_FUNCTION = YES;
				GCC_WARN_UNUSED_VARIABLE = YES;
				IPHONEOS_DEPLOYMENT_TARGET = 15.5;
				MTL_ENABLE_DEBUG_INFO = INCLUDE_SOURCE;
				MTL_FAST_MATH = YES;
				ONLY_ACTIVE_ARCH = YES;
				SDKROOT = iphoneos;
				SWIFT_ACTIVE_COMPILATION_CONDITIONS = DEBUG;
				SWIFT_OPTIMIZATION_LEVEL = "-Onone";
			};
			name = Debug;
		};
		39ACA8C42989AB3900CDD9F8 /* Release */ = {
			isa = XCBuildConfiguration;
			buildSettings = {
				ALWAYS_SEARCH_USER_PATHS = NO;
				CLANG_ANALYZER_NONNULL = YES;
				CLANG_ANALYZER_NUMBER_OBJECT_CONVERSION = YES_AGGRESSIVE;
				CLANG_CXX_LANGUAGE_STANDARD = "gnu++17";
				CLANG_ENABLE_MODULES = YES;
				CLANG_ENABLE_OBJC_ARC = YES;
				CLANG_ENABLE_OBJC_WEAK = YES;
				CLANG_WARN_BLOCK_CAPTURE_AUTORELEASING = YES;
				CLANG_WARN_BOOL_CONVERSION = YES;
				CLANG_WARN_COMMA = YES;
				CLANG_WARN_CONSTANT_CONVERSION = YES;
				CLANG_WARN_DEPRECATED_OBJC_IMPLEMENTATIONS = YES;
				CLANG_WARN_DIRECT_OBJC_ISA_USAGE = YES_ERROR;
				CLANG_WARN_DOCUMENTATION_COMMENTS = YES;
				CLANG_WARN_EMPTY_BODY = YES;
				CLANG_WARN_ENUM_CONVERSION = YES;
				CLANG_WARN_INFINITE_RECURSION = YES;
				CLANG_WARN_INT_CONVERSION = YES;
				CLANG_WARN_NON_LITERAL_NULL_CONVERSION = YES;
				CLANG_WARN_OBJC_IMPLICIT_RETAIN_SELF = YES;
				CLANG_WARN_OBJC_LITERAL_CONVERSION = YES;
				CLANG_WARN_OBJC_ROOT_CLASS = YES_ERROR;
				CLANG_WARN_QUOTED_INCLUDE_IN_FRAMEWORK_HEADER = YES;
				CLANG_WARN_RANGE_LOOP_ANALYSIS = YES;
				CLANG_WARN_STRICT_PROTOTYPES = YES;
				CLANG_WARN_SUSPICIOUS_MOVE = YES;
				CLANG_WARN_UNGUARDED_AVAILABILITY = YES_AGGRESSIVE;
				CLANG_WARN_UNREACHABLE_CODE = YES;
				CLANG_WARN__DUPLICATE_METHOD_MATCH = YES;
				COPY_PHASE_STRIP = NO;
				DEBUG_INFORMATION_FORMAT = "dwarf-with-dsym";
				ENABLE_NS_ASSERTIONS = NO;
				ENABLE_STRICT_OBJC_MSGSEND = YES;
				GCC_C_LANGUAGE_STANDARD = gnu11;
				GCC_NO_COMMON_BLOCKS = YES;
				GCC_WARN_64_TO_32_BIT_CONVERSION = YES;
				GCC_WARN_ABOUT_RETURN_TYPE = YES_ERROR;
				GCC_WARN_UNDECLARED_SELECTOR = YES;
				GCC_WARN_UNINITIALIZED_AUTOS = YES_AGGRESSIVE;
				GCC_WARN_UNUSED_FUNCTION = YES;
				GCC_WARN_UNUSED_VARIABLE = YES;
				IPHONEOS_DEPLOYMENT_TARGET = 15.5;
				MTL_ENABLE_DEBUG_INFO = NO;
				MTL_FAST_MATH = YES;
				SDKROOT = iphoneos;
				SWIFT_COMPILATION_MODE = wholemodule;
				SWIFT_OPTIMIZATION_LEVEL = "-O";
				VALIDATE_PRODUCT = YES;
			};
			name = Release;
		};
		39ACA8C62989AB3900CDD9F8 /* Debug */ = {
			isa = XCBuildConfiguration;
			buildSettings = {
				ASSETCATALOG_COMPILER_APPICON_NAME = AppIcon;
				ASSETCATALOG_COMPILER_GLOBAL_ACCENT_COLOR_NAME = AccentColor;
				CODE_SIGN_STYLE = Automatic;
				CURRENT_PROJECT_VERSION = 1;
				GENERATE_INFOPLIST_FILE = YES;
				INFOPLIST_FILE = vowels/Info.plist;
				INFOPLIST_KEY_UIApplicationSupportsIndirectInputEvents = YES;
				INFOPLIST_KEY_UILaunchStoryboardName = LaunchScreen;
				INFOPLIST_KEY_UIMainStoryboardFile = Main;
				INFOPLIST_KEY_UISupportedInterfaceOrientations_iPad = "UIInterfaceOrientationPortrait UIInterfaceOrientationPortraitUpsideDown UIInterfaceOrientationLandscapeLeft UIInterfaceOrientationLandscapeRight";
				INFOPLIST_KEY_UISupportedInterfaceOrientations_iPhone = "UIInterfaceOrientationPortrait UIInterfaceOrientationLandscapeLeft UIInterfaceOrientationLandscapeRight";
				LD_RUNPATH_SEARCH_PATHS = (
					"$(inherited)",
					"@executable_path/Frameworks",
				);
				MARKETING_VERSION = 1.0;
				PRODUCT_BUNDLE_IDENTIFIER = nwmissouri.edu.vowels;
				PRODUCT_NAME = "$(TARGET_NAME)";
				SWIFT_EMIT_LOC_STRINGS = YES;
				SWIFT_VERSION = 5.0;
				TARGETED_DEVICE_FAMILY = "1,2";
			};
			name = Debug;
		};
		39ACA8C72989AB3900CDD9F8 /* Release */ = {
			isa = XCBuildConfiguration;
			buildSettings = {
				ASSETCATALOG_COMPILER_APPICON_NAME = AppIcon;
				ASSETCATALOG_COMPILER_GLOBAL_ACCENT_COLOR_NAME = AccentColor;
				CODE_SIGN_STYLE = Automatic;
				CURRENT_PROJECT_VERSION = 1;
				GENERATE_INFOPLIST_FILE = YES;
				INFOPLIST_FILE = vowels/Info.plist;
				INFOPLIST_KEY_UIApplicationSupportsIndirectInputEvents = YES;
				INFOPLIST_KEY_UILaunchStoryboardName = LaunchScreen;
				INFOPLIST_KEY_UIMainStoryboardFile = Main;
				INFOPLIST_KEY_UISupportedInterfaceOrientations_iPad = "UIInterfaceOrientationPortrait UIInterfaceOrientationPortraitUpsideDown UIInterfaceOrientationLandscapeLeft UIInterfaceOrientationLandscapeRight";
				INFOPLIST_KEY_UISupportedInterfaceOrientations_iPhone = "UIInterfaceOrientationPortrait UIInterfaceOrientationLandscapeLeft UIInterfaceOrientationLandscapeRight";
				LD_RUNPATH_SEARCH_PATHS = (
					"$(inherited)",
					"@executable_path/Frameworks",
				);
				MARKETING_VERSION = 1.0;
				PRODUCT_BUNDLE_IDENTIFIER = nwmissouri.edu.vowels;
				PRODUCT_NAME = "$(TARGET_NAME)";
				SWIFT_EMIT_LOC_STRINGS = YES;
				SWIFT_VERSION = 5.0;
				TARGETED_DEVICE_FAMILY = "1,2";
			};
			name = Release;
		};
		39ACA8C92989AB3900CDD9F8 /* Debug */ = {
			isa = XCBuildConfiguration;
			buildSettings = {
				ALWAYS_EMBED_SWIFT_STANDARD_LIBRARIES = YES;
				BUNDLE_LOADER = "$(TEST_HOST)";
				CODE_SIGN_STYLE = Automatic;
				CURRENT_PROJECT_VERSION = 1;
				GENERATE_INFOPLIST_FILE = YES;
				IPHONEOS_DEPLOYMENT_TARGET = 15.5;
				MARKETING_VERSION = 1.0;
				PRODUCT_BUNDLE_IDENTIFIER = nwmissouri.edu.vowelsTests;
				PRODUCT_NAME = "$(TARGET_NAME)";
				SWIFT_EMIT_LOC_STRINGS = NO;
				SWIFT_VERSION = 5.0;
				TARGETED_DEVICE_FAMILY = "1,2";
				TEST_HOST = "$(BUILT_PRODUCTS_DIR)/vowels.app/vowels";
			};
			name = Debug;
		};
		39ACA8CA2989AB3900CDD9F8 /* Release */ = {
			isa = XCBuildConfiguration;
			buildSettings = {
				ALWAYS_EMBED_SWIFT_STANDARD_LIBRARIES = YES;
				BUNDLE_LOADER = "$(TEST_HOST)";
				CODE_SIGN_STYLE = Automatic;
				CURRENT_PROJECT_VERSION = 1;
				GENERATE_INFOPLIST_FILE = YES;
				IPHONEOS_DEPLOYMENT_TARGET = 15.5;
				MARKETING_VERSION = 1.0;
				PRODUCT_BUNDLE_IDENTIFIER = nwmissouri.edu.vowelsTests;
				PRODUCT_NAME = "$(TARGET_NAME)";
				SWIFT_EMIT_LOC_STRINGS = NO;
				SWIFT_VERSION = 5.0;
				TARGETED_DEVICE_FAMILY = "1,2";
				TEST_HOST = "$(BUILT_PRODUCTS_DIR)/vowels.app/vowels";
			};
			name = Release;
		};
		39ACA8CC2989AB3900CDD9F8 /* Debug */ = {
			isa = XCBuildConfiguration;
			buildSettings = {
				ALWAYS_EMBED_SWIFT_STANDARD_LIBRARIES = YES;
				CODE_SIGN_STYLE = Automatic;
				CURRENT_PROJECT_VERSION = 1;
				GENERATE_INFOPLIST_FILE = YES;
				MARKETING_VERSION = 1.0;
				PRODUCT_BUNDLE_IDENTIFIER = nwmissouri.edu.vowelsUITests;
				PRODUCT_NAME = "$(TARGET_NAME)";
				SWIFT_EMIT_LOC_STRINGS = NO;
				SWIFT_VERSION = 5.0;
				TARGETED_DEVICE_FAMILY = "1,2";
				TEST_TARGET_NAME = vowels;
			};
			name = Debug;
		};
		39ACA8CD2989AB3900CDD9F8 /* Release */ = {
			isa = XCBuildConfiguration;
			buildSettings = {
				ALWAYS_EMBED_SWIFT_STANDARD_LIBRARIES = YES;
				CODE_SIGN_STYLE = Automatic;
				CURRENT_PROJECT_VERSION = 1;
				GENERATE_INFOPLIST_FILE = YES;
				MARKETING_VERSION = 1.0;
				PRODUCT_BUNDLE_IDENTIFIER = nwmissouri.edu.vowelsUITests;
				PRODUCT_NAME = "$(TARGET_NAME)";
				SWIFT_EMIT_LOC_STRINGS = NO;
				SWIFT_VERSION = 5.0;
				TARGETED_DEVICE_FAMILY = "1,2";
				TEST_TARGET_NAME = vowels;
			};
			name = Release;
		};
/* End XCBuildConfiguration section */

/* Begin XCConfigurationList section */
		39ACA8962989AB3700CDD9F8 /* Build configuration list for PBXProject "vowels" */ = {
			isa = XCConfigurationList;
			buildConfigurations = (
				39ACA8C32989AB3900CDD9F8 /* Debug */,
				39ACA8C42989AB3900CDD9F8 /* Release */,
			);
			defaultConfigurationIsVisible = 0;
			defaultConfigurationName = Release;
		};
		39ACA8C52989AB3900CDD9F8 /* Build configuration list for PBXNativeTarget "vowels" */ = {
			isa = XCConfigurationList;
			buildConfigurations = (
				39ACA8C62989AB3900CDD9F8 /* Debug */,
				39ACA8C72989AB3900CDD9F8 /* Release */,
			);
			defaultConfigurationIsVisible = 0;
			defaultConfigurationName = Release;
		};
		39ACA8C82989AB3900CDD9F8 /* Build configuration list for PBXNativeTarget "vowelsTests" */ = {
			isa = XCConfigurationList;
			buildConfigurations = (
				39ACA8C92989AB3900CDD9F8 /* Debug */,
				39ACA8CA2989AB3900CDD9F8 /* Release */,
			);
			defaultConfigurationIsVisible = 0;
			defaultConfigurationName = Release;
		};
		39ACA8CB2989AB3900CDD9F8 /* Build configuration list for PBXNativeTarget "vowelsUITests" */ = {
			isa = XCConfigurationList;
			buildConfigurations = (
				39ACA8CC2989AB3900CDD9F8 /* Debug */,
				39ACA8CD2989AB3900CDD9F8 /* Release */,
			);
			defaultConfigurationIsVisible = 0;
			defaultConfigurationName = Release;
		};
/* End XCConfigurationList section */
	};
	rootObject = 39ACA8932989AB3700CDD9F8 /* Project object */;
}
